// !$*UTF8*$!
{
	archiveVersion = 1;
	classes = {
	};
	objectVersion = 46;
	objects = {

/* Begin PBXAggregateTarget section */
		C5C2629FE672607D8D370E49 /* Just a Filter - All */ = {
			isa = PBXAggregateTarget;
			buildConfigurationList = 0E3558049DEA33E11146077A;
			buildPhases = (
			);
			dependencies = (
				DB549C5983F88FD04519A47E,
				4092CE89ABF42CA07EDC5BF0,
				2B8F258A93588F4246951D58,
				1C2EE89698EF97C9B3DA56FC,
			);
			name = "Just a Filter - All";
			productName = "Just a Filter";
		};
/* End PBXAggregateTarget section */

/* Begin PBXBuildFile section */
		0760DC5D68C90458AF20A7CE /* PluginProcessor.cpp */ = {isa = PBXBuildFile; fileRef = FBF6C6400EDCC8B01825EB67; };
		07B974E4AD10BE6FF71E35F0 /* include_juce_graphics.mm */ = {isa = PBXBuildFile; fileRef = D359CA5C1075498CCD92DFC6; };
		0D6B62F62091BDBB0EF09728 /* RecentFilesMenuTemplate.nib */ = {isa = PBXBuildFile; fileRef = 7D9E7C5F36FCACACD2510D07; };
		124D9956EFF232104F0B1F1F /* include_juce_audio_processors.mm */ = {isa = PBXBuildFile; fileRef = BC7496731022F70838F6E1FF; };
		14484C0B422010EE280CCDB0 /* QuartzCore.framework */ = {isa = PBXBuildFile; fileRef = F36039BC2357888E61F61C25; };
		209E15662E8D6C46260F2313 /* include_juce_audio_devices.mm */ = {isa = PBXBuildFile; fileRef = EBA8FA878DC9FF667E7C5DDD; };
		2467CA9A65074D4983B343D3 /* include_juce_gui_basics.mm */ = {isa = PBXBuildFile; fileRef = 7A103A14347D799F35A6B5F0; };
		25289028B6474A27032AA2DB /* include_juce_data_structures.mm */ = {isa = PBXBuildFile; fileRef = 575C54FCDD8026115A1BD48E; };
		2803A8911CD8995819114CDB /* include_juce_audio_plugin_client_utils.cpp */ = {isa = PBXBuildFile; fileRef = A4EAC7F0FACBBBD848BB2BE4; };
		2A1BE45CC0E5DA20A188F924 /* BinaryData4.cpp */ = {isa = PBXBuildFile; fileRef = 45666988232A35D45F8E4D23; };
		2BC1A51E6C1C9ADA3AA37BA4 /* Cocoa.framework */ = {isa = PBXBuildFile; fileRef = DCCAF1530E4295B1DBD678FD; };
		30D3F0D371C25825C4A730A0 /* include_juce_core.mm */ = {isa = PBXBuildFile; fileRef = C368C0C96C9B024E017CA9F3; };
		3115EB8B3D6B25361C91C158 /* include_juce_audio_plugin_client_VST_utils.mm */ = {isa = PBXBuildFile; fileRef = 0EFFCF4449213D4144E718B3; };
		32878921099FEE0C6988A67E /* BinaryData2.cpp */ = {isa = PBXBuildFile; fileRef = 191B618B32E1DB6865205EE0; };
		332EF8698FE0691383C61252 /* IOKit.framework */ = {isa = PBXBuildFile; fileRef = CB63F1A5A07E9AF10387487A; };
		35BF2014E0652F231D736384 /* LV_HeaderComponent.cpp */ = {isa = PBXBuildFile; fileRef = 8DF4CA4297828419629C49AE; };
		3F86807BECF9E095D0429129 /* AU */ = {isa = PBXBuildFile; fileRef = AF95894FB7E94A31B51FE1F0; };
		40C7D77B8B70D2C64F86886F /* UI-Paint.cpp */ = {isa = PBXBuildFile; fileRef = 4761371416DE9E830C7C568B; };
		4A094F484D290BD974CF5974 /* DiscRecording.framework */ = {isa = PBXBuildFile; fileRef = F8B9E17B7F907A4DC418F027; };
		4B42FCA3FE9CAA3694B33958 /* BinaryData3.cpp */ = {isa = PBXBuildFile; fileRef = D12A724771FFE0F5BC3AC7D9; };
		50C2AC21BFAA1E0E110E70D7 /* include_juce_dsp.mm */ = {isa = PBXBuildFile; fileRef = 56C619AB3B2A7B097938A6D7; };
		63DF75B163904A14F47DA10C /* Foundation.framework */ = {isa = PBXBuildFile; fileRef = 6C562C14079F25581EB7D744; };
		65FC6ABD6BB3478AE83D0178 /* PluginEditor.cpp */ = {isa = PBXBuildFile; fileRef = 26F173DCA5AC7AF66F5D71BA; };
		66381691082A0181AFE8866A /* UI-Constructor.cpp */ = {isa = PBXBuildFile; fileRef = 796A94884A2A06565CBDB943; };
		68149668946E03233B21E0EA /* include_juce_audio_formats.mm */ = {isa = PBXBuildFile; fileRef = EEE89A4649381D6E2904980E; };
		68D05FD858DD35613DF7B110 /* Shared Code */ = {isa = PBXBuildFile; fileRef = C29619C391DABFC7EE5E77A4; };
		6F59FAA5BB9773648BB1A918 /* AudioUnit.framework */ = {isa = PBXBuildFile; fileRef = BE1977DDF6DF29219E7D4EEC; };
		72EE60E25AE38F516B6D99A8 /* LV_FilterComponent.cpp */ = {isa = PBXBuildFile; fileRef = AD56560F67B8857D364424D4; };
		75BA16C19D21C2279BBAC8B9 /* StyleSheet.cpp */ = {isa = PBXBuildFile; fileRef = 050C357FAC9B865BD422DB11; };
		78F48BDCA7C91C066C49AF31 /* UI-SaveWindow.cpp */ = {isa = PBXBuildFile; fileRef = F4A8BB8A3BDCF7D0ACC91183; };
		7B64AFA31F28F751285C4312 /* LV_SVFilter.cpp */ = {isa = PBXBuildFile; fileRef = EBFC3B152D0A89EE4CF99073; };
		86EA61489C629774797E8BE0 /* include_juce_gui_extra.mm */ = {isa = PBXBuildFile; fileRef = 137A428A574AD96975B062A8; };
		89563C0525277BAC33B9489C /* Initfilter.cpp */ = {isa = PBXBuildFile; fileRef = AB84A76E1EA08FA7804EA3D0; };
		8DEAA729C0816D52C09E9C33 /* UI-Resized.cpp */ = {isa = PBXBuildFile; fileRef = 1B6230DFC150C1B5599D07C5; };
		9089E07C9942599B3251837A /* OversamplingMenu.cpp */ = {isa = PBXBuildFile; fileRef = DD9E7AEF48076E74FFFCEA46; };
		90E0FC8EDF9E0B3F91B8B579 /* include_juce_audio_utils.mm */ = {isa = PBXBuildFile; fileRef = 4E5A1870969D9AB27914E42A; };
		9320E886F592DA3D2CDF7FFA /* CoreMIDI.framework */ = {isa = PBXBuildFile; fileRef = 8441A94FD072D8D37B88F07E; };
		938B4F79425BA4E97BC1C976 /* include_juce_events.mm */ = {isa = PBXBuildFile; fileRef = 24C9DE79C66B7CCF06124115; };
		98C3C8D77DC516441ED46C3F /* CoreAudioKit.framework */ = {isa = PBXBuildFile; fileRef = 96F5BCC3668CA27949924275; };
		98E8791DF91B45D166EBDE53 /* Accelerate.framework */ = {isa = PBXBuildFile; fileRef = D37BD5D9B5C066B7BB0207AC; };
		9A3F15C4154D1DD65DA2C0B0 /* include_juce_audio_plugin_client_AU.r */ = {isa = PBXBuildFile; fileRef = E3F66BF7621F339E4BC53163; };
		9F8D0D0BBFBDD14DF80878FF /* LV_Clipper.cpp */ = {isa = PBXBuildFile; fileRef = 5B0D2F954085837B340DF0EC; };
		A0EB22EDAEF6C2B2209A17F0 /* AudioToolbox.framework */ = {isa = PBXBuildFile; fileRef = 9EEE4B0EB513C35FBA12048C; };
		A3350153329BB2AB395375DD /* include_juce_audio_plugin_client_Standalone.cpp */ = {isa = PBXBuildFile; fileRef = F0774E99C2A261D2100E4BC5; };
		B25011CDB50929B33D3EF616 /* BinaryData.cpp */ = {isa = PBXBuildFile; fileRef = 7F3779F9789DB9445DCC5BA8; };
		B41D666C41082F8377CA5328 /* include_juce_audio_plugin_client_AU_1.mm */ = {isa = PBXBuildFile; fileRef = C0F6E653857036F41E906ADA; };
		B53727FFADED97295EA6CCD6 /* Carbon.framework */ = {isa = PBXBuildFile; fileRef = 09F3F70D6C60292E1810F25D; };
		B7AD6C25878240F423C8ECB3 /* WebKit.framework */ = {isa = PBXBuildFile; fileRef = B4F1E18573436529EB3C2917; };
		B8D4DFC93C998D1A39EA48E5 /* BinaryData5.cpp */ = {isa = PBXBuildFile; fileRef = 88B523CD5D4344540386F422; };
		BBB4533E5E843CFE06A2809F /* Standalone Plugin */ = {isa = PBXBuildFile; fileRef = A7DCBB44E934EFBB12AF1B58; };
		D135BCCC00C82AB64E9CE164 /* LV_Window.cpp */ = {isa = PBXBuildFile; fileRef = 8F96D97629BE42AC3F53EEA5; };
		D3FF193E7F10082F2645908E /* UI-InitWindow.cpp */ = {isa = PBXBuildFile; fileRef = F8CAF49300F22BBADFF8989B; };
		D8B7B28126711CB75988CE8F /* include_juce_audio_plugin_client_AU_2.mm */ = {isa = PBXBuildFile; fileRef = 4040E7CBBBF8A54D11C49DBF; };
		E2DC1985F7E57D530B1775F5 /* VST3 */ = {isa = PBXBuildFile; fileRef = 4C9A8662B7DE96A48A3764CB; };
		E34F852F764F18F0D0E761DE /* include_juce_audio_plugin_client_VST3.cpp */ = {isa = PBXBuildFile; fileRef = 396CD0A1E4B16A6C3966E5AC; };
		F07F17D7CE20A0B40088B5A8 /* include_juce_audio_basics.mm */ = {isa = PBXBuildFile; fileRef = ED0A6C39CDDA55C9C7C0CDE5; };
		FC4CB2D1FF6D2DEE439C7184 /* CoreAudio.framework */ = {isa = PBXBuildFile; fileRef = 65F92FE7056931AFAF7BDF65; };
/* End PBXBuildFile section */

/* Begin PBXFileReference section */
		0327FC914BB2896C8BC83FCC /* landon55-04.png */ /* landon55-04.png */ = {isa = PBXFileReference; lastKnownFileType = image.png; name = "landon55-04.png"; path = "../../Source/Assets/landon55-04.png"; sourceTree = SOURCE_ROOT; };
		03A8D7819157950DFCEA12F4 /* juce_audio_plugin_client */ /* juce_audio_plugin_client */ = {isa = PBXFileReference; lastKnownFileType = folder; name = juce_audio_plugin_client; path = /Users/landonviator/Documents/GitHub/JUCE/modules/juce_audio_plugin_client; sourceTree = "<absolute>"; };
		050C357FAC9B865BD422DB11 /* StyleSheet.cpp */ /* StyleSheet.cpp */ = {isa = PBXFileReference; lastKnownFileType = sourcecode.cpp.cpp; name = StyleSheet.cpp; path = ../../Source/Widgets/StyleSheet.cpp; sourceTree = SOURCE_ROOT; };
		058E9B531EC14D8EC881317C /* juce_audio_utils */ /* juce_audio_utils */ = {isa = PBXFileReference; lastKnownFileType = folder; name = juce_audio_utils; path = /Users/landonviator/Documents/GitHub/JUCE/modules/juce_audio_utils; sourceTree = "<absolute>"; };
		09DF7B49B12707AA86162DE2 /* StyleSheet.h */ /* StyleSheet.h */ = {isa = PBXFileReference; lastKnownFileType = sourcecode.c.h; name = StyleSheet.h; path = ../../Source/Widgets/StyleSheet.h; sourceTree = SOURCE_ROOT; };
		09F3F70D6C60292E1810F25D /* Carbon.framework */ /* Carbon.framework */ = {isa = PBXFileReference; lastKnownFileType = wrapper.framework; name = Carbon.framework; path = System/Library/Frameworks/Carbon.framework; sourceTree = SDKROOT; };
		0C640FDA21F802C7552508E0 /* juce_gui_extra */ /* juce_gui_extra */ = {isa = PBXFileReference; lastKnownFileType = folder; name = juce_gui_extra; path = /Users/landonviator/Documents/GitHub/JUCE/modules/juce_gui_extra; sourceTree = "<absolute>"; };
		0EFFCF4449213D4144E718B3 /* include_juce_audio_plugin_client_VST_utils.mm */ /* include_juce_audio_plugin_client_VST_utils.mm */ = {isa = PBXFileReference; lastKnownFileType = sourcecode.cpp.objcpp; name = include_juce_audio_plugin_client_VST_utils.mm; path = ../../JuceLibraryCode/include_juce_audio_plugin_client_VST_utils.mm; sourceTree = SOURCE_ROOT; };
		137A428A574AD96975B062A8 /* include_juce_gui_extra.mm */ /* include_juce_gui_extra.mm */ = {isa = PBXFileReference; lastKnownFileType = sourcecode.cpp.objcpp; name = include_juce_gui_extra.mm; path = ../../JuceLibraryCode/include_juce_gui_extra.mm; sourceTree = SOURCE_ROOT; };
		13EAF8C336A33A621583EC08 /* juce_audio_formats */ /* juce_audio_formats */ = {isa = PBXFileReference; lastKnownFileType = folder; name = juce_audio_formats; path = /Users/landonviator/Documents/GitHub/JUCE/modules/juce_audio_formats; sourceTree = "<absolute>"; };
		15EF8D61A06D906C82E7A134 /* dark_blue.png */ /* dark_blue.png */ = {isa = PBXFileReference; lastKnownFileType = image.png; name = dark_blue.png; path = ../../Source/Assets/dark_blue.png; sourceTree = SOURCE_ROOT; };
		174A9E72323916B8FFA8DB5A /* testTexture.png */ /* testTexture.png */ = {isa = PBXFileReference; lastKnownFileType = image.png; name = testTexture.png; path = ../../Source/Assets/testTexture.png; sourceTree = SOURCE_ROOT; };
		191B618B32E1DB6865205EE0 /* BinaryData2.cpp */ /* BinaryData2.cpp */ = {isa = PBXFileReference; lastKnownFileType = sourcecode.cpp.cpp; name = BinaryData2.cpp; path = ../../JuceLibraryCode/BinaryData2.cpp; sourceTree = SOURCE_ROOT; };
		1B6230DFC150C1B5599D07C5 /* UI-Resized.cpp */ /* UI-Resized.cpp */ = {isa = PBXFileReference; lastKnownFileType = sourcecode.cpp.cpp; name = "UI-Resized.cpp"; path = "../../Source/UI-Methods/UI-Resized.cpp"; sourceTree = SOURCE_ROOT; };
		1F9D556BFDFF30443B5F3F1C /* TEXTURE5.png */ /* TEXTURE5.png */ = {isa = PBXFileReference; lastKnownFileType = image.png; name = TEXTURE5.png; path = ../../Source/Assets/TEXTURE5.png; sourceTree = SOURCE_ROOT; };
		2235B11DCD72E88043C2CC72 /* LV_Fader.h */ /* LV_Fader.h */ = {isa = PBXFileReference; lastKnownFileType = sourcecode.c.h; name = LV_Fader.h; path = ../../Source/Widgets/LV_Fader.h; sourceTree = SOURCE_ROOT; };
		24603FA07890C7F9F55A5FC7 /* juce_graphics */ /* juce_graphics */ = {isa = PBXFileReference; lastKnownFileType = folder; name = juce_graphics; path = /Users/landonviator/Documents/GitHub/JUCE/modules/juce_graphics; sourceTree = "<absolute>"; };
		24C9DE79C66B7CCF06124115 /* include_juce_events.mm */ /* include_juce_events.mm */ = {isa = PBXFileReference; lastKnownFileType = sourcecode.cpp.objcpp; name = include_juce_events.mm; path = ../../JuceLibraryCode/include_juce_events.mm; sourceTree = SOURCE_ROOT; };
		257F6A6925FAEF65C156D6BC /* PluginProcessor.h */ /* PluginProcessor.h */ = {isa = PBXFileReference; lastKnownFileType = sourcecode.c.h; name = PluginProcessor.h; path = ../../Source/PluginProcessor.h; sourceTree = SOURCE_ROOT; };
		26F173DCA5AC7AF66F5D71BA /* PluginEditor.cpp */ /* PluginEditor.cpp */ = {isa = PBXFileReference; lastKnownFileType = sourcecode.cpp.cpp; name = PluginEditor.cpp; path = ../../Source/PluginEditor.cpp; sourceTree = SOURCE_ROOT; };
		28530456A346E4598F6FBB03 /* juce_events */ /* juce_events */ = {isa = PBXFileReference; lastKnownFileType = folder; name = juce_events; path = /Users/landonviator/Documents/GitHub/JUCE/modules/juce_events; sourceTree = "<absolute>"; };
		30B8A74204D7FDE07CBB02E1 /* LV_PushButton.h */ /* LV_PushButton.h */ = {isa = PBXFileReference; lastKnownFileType = sourcecode.c.h; name = LV_PushButton.h; path = ../../Source/Widgets/LV_PushButton.h; sourceTree = SOURCE_ROOT; };
		396CD0A1E4B16A6C3966E5AC /* include_juce_audio_plugin_client_VST3.cpp */ /* include_juce_audio_plugin_client_VST3.cpp */ = {isa = PBXFileReference; lastKnownFileType = sourcecode.cpp.cpp; name = include_juce_audio_plugin_client_VST3.cpp; path = ../../JuceLibraryCode/include_juce_audio_plugin_client_VST3.cpp; sourceTree = SOURCE_ROOT; };
		3972A954E9402B440EBE929C /* landon55-03.png */ /* landon55-03.png */ = {isa = PBXFileReference; lastKnownFileType = image.png; name = "landon55-03.png"; path = "../../Source/Assets/landon55-03.png"; sourceTree = SOURCE_ROOT; };
		3C16566A70460D4220C5A8D4 /* juce_audio_processors */ /* juce_audio_processors */ = {isa = PBXFileReference; lastKnownFileType = folder; name = juce_audio_processors; path = /Users/landonviator/Documents/GitHub/JUCE/modules/juce_audio_processors; sourceTree = "<absolute>"; };
		3EBD0F4B4030AA1A0CBC8B92 /* BinaryData.h */ /* BinaryData.h */ = {isa = PBXFileReference; lastKnownFileType = sourcecode.c.h; name = BinaryData.h; path = ../../JuceLibraryCode/BinaryData.h; sourceTree = SOURCE_ROOT; };
		4040E7CBBBF8A54D11C49DBF /* include_juce_audio_plugin_client_AU_2.mm */ /* include_juce_audio_plugin_client_AU_2.mm */ = {isa = PBXFileReference; lastKnownFileType = sourcecode.cpp.objcpp; name = include_juce_audio_plugin_client_AU_2.mm; path = ../../JuceLibraryCode/include_juce_audio_plugin_client_AU_2.mm; sourceTree = SOURCE_ROOT; };
		44A0DD70625A8CD5E7B2AFCC /* LV_Menu.h */ /* LV_Menu.h */ = {isa = PBXFileReference; lastKnownFileType = sourcecode.c.h; name = LV_Menu.h; path = ../../Source/Widgets/LV_Menu.h; sourceTree = SOURCE_ROOT; };
		45666988232A35D45F8E4D23 /* BinaryData4.cpp */ /* BinaryData4.cpp */ = {isa = PBXFileReference; lastKnownFileType = sourcecode.cpp.cpp; name = BinaryData4.cpp; path = ../../JuceLibraryCode/BinaryData4.cpp; sourceTree = SOURCE_ROOT; };
		4761371416DE9E830C7C568B /* UI-Paint.cpp */ /* UI-Paint.cpp */ = {isa = PBXFileReference; lastKnownFileType = sourcecode.cpp.cpp; name = "UI-Paint.cpp"; path = "../../Source/UI-Methods/UI-Paint.cpp"; sourceTree = SOURCE_ROOT; };
		4973A1E0C1AE67453414E9DA /* PluginEditor.h */ /* PluginEditor.h */ = {isa = PBXFileReference; lastKnownFileType = sourcecode.c.h; name = PluginEditor.h; path = ../../Source/PluginEditor.h; sourceTree = SOURCE_ROOT; };
		4C9A8662B7DE96A48A3764CB /* VST3 */ = {isa = PBXFileReference; explicitFileType = wrapper.cfbundle; includeInIndex = 0; path = "Just a Filter.vst3"; sourceTree = BUILT_PRODUCTS_DIR; };
		4E5A1870969D9AB27914E42A /* include_juce_audio_utils.mm */ /* include_juce_audio_utils.mm */ = {isa = PBXFileReference; lastKnownFileType = sourcecode.cpp.objcpp; name = include_juce_audio_utils.mm; path = ../../JuceLibraryCode/include_juce_audio_utils.mm; sourceTree = SOURCE_ROOT; };
		52C8DB72854214964A979D59 /* JucePluginDefines.h */ /* JucePluginDefines.h */ = {isa = PBXFileReference; lastKnownFileType = sourcecode.c.h; name = JucePluginDefines.h; path = ../../JuceLibraryCode/JucePluginDefines.h; sourceTree = SOURCE_ROOT; };
		5336903D750116BB37385815 /* Info-AU.plist */ /* Info-AU.plist */ = {isa = PBXFileReference; lastKnownFileType = text.plist.xml; name = "Info-AU.plist"; path = "Info-AU.plist"; sourceTree = SOURCE_ROOT; };
		56C619AB3B2A7B097938A6D7 /* include_juce_dsp.mm */ /* include_juce_dsp.mm */ = {isa = PBXFileReference; lastKnownFileType = sourcecode.cpp.objcpp; name = include_juce_dsp.mm; path = ../../JuceLibraryCode/include_juce_dsp.mm; sourceTree = SOURCE_ROOT; };
		575C54FCDD8026115A1BD48E /* include_juce_data_structures.mm */ /* include_juce_data_structures.mm */ = {isa = PBXFileReference; lastKnownFileType = sourcecode.cpp.objcpp; name = include_juce_data_structures.mm; path = ../../JuceLibraryCode/include_juce_data_structures.mm; sourceTree = SOURCE_ROOT; };
		5B0D2F954085837B340DF0EC /* LV_Clipper.cpp */ /* LV_Clipper.cpp */ = {isa = PBXFileReference; lastKnownFileType = sourcecode.cpp.cpp; name = LV_Clipper.cpp; path = ../../Source/DSP/LV_Clipper.cpp; sourceTree = SOURCE_ROOT; };
		6072BE7A392A859D96F18F45 /* juce_data_structures */ /* juce_data_structures */ = {isa = PBXFileReference; lastKnownFileType = folder; name = juce_data_structures; path = /Users/landonviator/Documents/GitHub/JUCE/modules/juce_data_structures; sourceTree = "<absolute>"; };
		6274651C2A91C7D84DA970E1 /* LV_Label.h */ /* LV_Label.h */ = {isa = PBXFileReference; lastKnownFileType = sourcecode.c.h; name = LV_Label.h; path = ../../Source/Widgets/LV_Label.h; sourceTree = SOURCE_ROOT; };
		65F92FE7056931AFAF7BDF65 /* CoreAudio.framework */ /* CoreAudio.framework */ = {isa = PBXFileReference; lastKnownFileType = wrapper.framework; name = CoreAudio.framework; path = System/Library/Frameworks/CoreAudio.framework; sourceTree = SDKROOT; };
		6C562C14079F25581EB7D744 /* Foundation.framework */ /* Foundation.framework */ = {isa = PBXFileReference; lastKnownFileType = wrapper.framework; name = Foundation.framework; path = System/Library/Frameworks/Foundation.framework; sourceTree = SDKROOT; };
		6EA29AFEDAB844F1A467A1DD /* Info-Standalone_Plugin.plist */ /* Info-Standalone_Plugin.plist */ = {isa = PBXFileReference; lastKnownFileType = text.plist.xml; name = "Info-Standalone_Plugin.plist"; path = "Info-Standalone_Plugin.plist"; sourceTree = SOURCE_ROOT; };
		6F47C44B8BCC1320A87EDAE6 /* juce_audio_basics */ /* juce_audio_basics */ = {isa = PBXFileReference; lastKnownFileType = folder; name = juce_audio_basics; path = /Users/landonviator/Documents/GitHub/JUCE/modules/juce_audio_basics; sourceTree = "<absolute>"; };
		78EBF53D8E4F920A82C41EA9 /* juce_dsp */ /* juce_dsp */ = {isa = PBXFileReference; lastKnownFileType = folder; name = juce_dsp; path = /Users/landonviator/Documents/GitHub/JUCE/modules/juce_dsp; sourceTree = "<absolute>"; };
		7943490756505BB17EC7FA97 /* juce_audio_devices */ /* juce_audio_devices */ = {isa = PBXFileReference; lastKnownFileType = folder; name = juce_audio_devices; path = /Users/landonviator/Documents/GitHub/JUCE/modules/juce_audio_devices; sourceTree = "<absolute>"; };
		796A94884A2A06565CBDB943 /* UI-Constructor.cpp */ /* UI-Constructor.cpp */ = {isa = PBXFileReference; lastKnownFileType = sourcecode.cpp.cpp; name = "UI-Constructor.cpp"; path = "../../Source/UI-Methods/UI-Constructor.cpp"; sourceTree = SOURCE_ROOT; };
		7A103A14347D799F35A6B5F0 /* include_juce_gui_basics.mm */ /* include_juce_gui_basics.mm */ = {isa = PBXFileReference; lastKnownFileType = sourcecode.cpp.objcpp; name = include_juce_gui_basics.mm; path = ../../JuceLibraryCode/include_juce_gui_basics.mm; sourceTree = SOURCE_ROOT; };
		7D9E7C5F36FCACACD2510D07 /* RecentFilesMenuTemplate.nib */ /* RecentFilesMenuTemplate.nib */ = {isa = PBXFileReference; lastKnownFileType = file.nib; name = RecentFilesMenuTemplate.nib; path = RecentFilesMenuTemplate.nib; sourceTree = SOURCE_ROOT; };
		7F3779F9789DB9445DCC5BA8 /* BinaryData.cpp */ /* BinaryData.cpp */ = {isa = PBXFileReference; lastKnownFileType = sourcecode.cpp.cpp; name = BinaryData.cpp; path = ../../JuceLibraryCode/BinaryData.cpp; sourceTree = SOURCE_ROOT; };
		8441A94FD072D8D37B88F07E /* CoreMIDI.framework */ /* CoreMIDI.framework */ = {isa = PBXFileReference; lastKnownFileType = wrapper.framework; name = CoreMIDI.framework; path = System/Library/Frameworks/CoreMIDI.framework; sourceTree = SDKROOT; };
		84514923830DD0B8360D0C61 /* Info-VST3.plist */ /* Info-VST3.plist */ = {isa = PBXFileReference; lastKnownFileType = text.plist.xml; name = "Info-VST3.plist"; path = "Info-VST3.plist"; sourceTree = SOURCE_ROOT; };
		8855C84B0C53F19A9F6F260B /* JuceHeader.h */ /* JuceHeader.h */ = {isa = PBXFileReference; lastKnownFileType = sourcecode.c.h; name = JuceHeader.h; path = ../../JuceLibraryCode/JuceHeader.h; sourceTree = SOURCE_ROOT; };
		88B523CD5D4344540386F422 /* BinaryData5.cpp */ /* BinaryData5.cpp */ = {isa = PBXFileReference; lastKnownFileType = sourcecode.cpp.cpp; name = BinaryData5.cpp; path = ../../JuceLibraryCode/BinaryData5.cpp; sourceTree = SOURCE_ROOT; };
		8B9788EFC32671EE3BA8834D /* LV_Clipper.h */ /* LV_Clipper.h */ = {isa = PBXFileReference; lastKnownFileType = sourcecode.c.h; name = LV_Clipper.h; path = ../../Source/DSP/LV_Clipper.h; sourceTree = SOURCE_ROOT; };
		8DF4CA4297828419629C49AE /* LV_HeaderComponent.cpp */ /* LV_HeaderComponent.cpp */ = {isa = PBXFileReference; lastKnownFileType = sourcecode.cpp.cpp; name = LV_HeaderComponent.cpp; path = "../../Source/UI-Components/LV_HeaderComponent.cpp"; sourceTree = SOURCE_ROOT; };
		8F14ACED80799C8A43435387 /* LV_Toggle.h */ /* LV_Toggle.h */ = {isa = PBXFileReference; lastKnownFileType = sourcecode.c.h; name = LV_Toggle.h; path = ../../Source/Widgets/LV_Toggle.h; sourceTree = SOURCE_ROOT; };
		8F96D97629BE42AC3F53EEA5 /* LV_Window.cpp */ /* LV_Window.cpp */ = {isa = PBXFileReference; lastKnownFileType = sourcecode.cpp.cpp; name = LV_Window.cpp; path = "../../Source/UI-Components/LV_Window.cpp"; sourceTree = SOURCE_ROOT; };
		96F5BCC3668CA27949924275 /* CoreAudioKit.framework */ /* CoreAudioKit.framework */ = {isa = PBXFileReference; lastKnownFileType = wrapper.framework; name = CoreAudioKit.framework; path = System/Library/Frameworks/CoreAudioKit.framework; sourceTree = SDKROOT; };
		996708A97E6B61FE3AC43E84 /* juce_core */ /* juce_core */ = {isa = PBXFileReference; lastKnownFileType = folder; name = juce_core; path = /Users/landonviator/Documents/GitHub/JUCE/modules/juce_core; sourceTree = "<absolute>"; };
		9EEE4B0EB513C35FBA12048C /* AudioToolbox.framework */ /* AudioToolbox.framework */ = {isa = PBXFileReference; lastKnownFileType = wrapper.framework; name = AudioToolbox.framework; path = System/Library/Frameworks/AudioToolbox.framework; sourceTree = SDKROOT; };
		A2D76A035EB81FDD2853544F /* LV_HeaderComponent.h */ /* LV_HeaderComponent.h */ = {isa = PBXFileReference; lastKnownFileType = sourcecode.c.h; name = LV_HeaderComponent.h; path = "../../Source/UI-Components/LV_HeaderComponent.h"; sourceTree = SOURCE_ROOT; };
		A4EAC7F0FACBBBD848BB2BE4 /* include_juce_audio_plugin_client_utils.cpp */ /* include_juce_audio_plugin_client_utils.cpp */ = {isa = PBXFileReference; lastKnownFileType = sourcecode.cpp.cpp; name = include_juce_audio_plugin_client_utils.cpp; path = ../../JuceLibraryCode/include_juce_audio_plugin_client_utils.cpp; sourceTree = SOURCE_ROOT; };
		A7DCBB44E934EFBB12AF1B58 /* Standalone Plugin */ = {isa = PBXFileReference; explicitFileType = wrapper.application; includeInIndex = 0; path = "Just a Filter.app"; sourceTree = BUILT_PRODUCTS_DIR; };
		A893523D78BB8A8294462472 /* LV_GroupComponent.h */ /* LV_GroupComponent.h */ = {isa = PBXFileReference; lastKnownFileType = sourcecode.c.h; name = LV_GroupComponent.h; path = ../../Source/Widgets/LV_GroupComponent.h; sourceTree = SOURCE_ROOT; };
		AB84A76E1EA08FA7804EA3D0 /* Initfilter.cpp */ /* Initfilter.cpp */ = {isa = PBXFileReference; lastKnownFileType = sourcecode.cpp.cpp; name = Initfilter.cpp; path = ../../Source/DSP/Initfilter.cpp; sourceTree = SOURCE_ROOT; };
		AD56560F67B8857D364424D4 /* LV_FilterComponent.cpp */ /* LV_FilterComponent.cpp */ = {isa = PBXFileReference; lastKnownFileType = sourcecode.cpp.cpp; name = LV_FilterComponent.cpp; path = "../../Source/UI-Components/LV_FilterComponent.cpp"; sourceTree = SOURCE_ROOT; };
		AF95894FB7E94A31B51FE1F0 /* AU */ = {isa = PBXFileReference; explicitFileType = wrapper.cfbundle; includeInIndex = 0; path = "Just a Filter.component"; sourceTree = BUILT_PRODUCTS_DIR; };
		B4F1E18573436529EB3C2917 /* WebKit.framework */ /* WebKit.framework */ = {isa = PBXFileReference; lastKnownFileType = wrapper.framework; name = WebKit.framework; path = System/Library/Frameworks/WebKit.framework; sourceTree = SDKROOT; };
		BC7496731022F70838F6E1FF /* include_juce_audio_processors.mm */ /* include_juce_audio_processors.mm */ = {isa = PBXFileReference; lastKnownFileType = sourcecode.cpp.objcpp; name = include_juce_audio_processors.mm; path = ../../JuceLibraryCode/include_juce_audio_processors.mm; sourceTree = SOURCE_ROOT; };
		BE1977DDF6DF29219E7D4EEC /* AudioUnit.framework */ /* AudioUnit.framework */ = {isa = PBXFileReference; lastKnownFileType = wrapper.framework; name = AudioUnit.framework; path = System/Library/Frameworks/AudioUnit.framework; sourceTree = SDKROOT; };
		C048AB3EC75C033DCA145F91 /* pluginBackground2.png */ /* pluginBackground2.png */ = {isa = PBXFileReference; lastKnownFileType = image.png; name = pluginBackground2.png; path = ../../Source/Assets/pluginBackground2.png; sourceTree = SOURCE_ROOT; };
		C0F6E653857036F41E906ADA /* include_juce_audio_plugin_client_AU_1.mm */ /* include_juce_audio_plugin_client_AU_1.mm */ = {isa = PBXFileReference; lastKnownFileType = sourcecode.cpp.objcpp; name = include_juce_audio_plugin_client_AU_1.mm; path = ../../JuceLibraryCode/include_juce_audio_plugin_client_AU_1.mm; sourceTree = SOURCE_ROOT; };
		C29619C391DABFC7EE5E77A4 /* Shared Code */ = {isa = PBXFileReference; explicitFileType = archive.ar; includeInIndex = 0; path = "libJust a Filter.a"; sourceTree = BUILT_PRODUCTS_DIR; };
		C368C0C96C9B024E017CA9F3 /* include_juce_core.mm */ /* include_juce_core.mm */ = {isa = PBXFileReference; lastKnownFileType = sourcecode.cpp.objcpp; name = include_juce_core.mm; path = ../../JuceLibraryCode/include_juce_core.mm; sourceTree = SOURCE_ROOT; };
		C5003540E71EAC3149397858 /* pluginBackground.png */ /* pluginBackground.png */ = {isa = PBXFileReference; lastKnownFileType = image.png; name = pluginBackground.png; path = ../../Source/Assets/pluginBackground.png; sourceTree = SOURCE_ROOT; };
		CB63F1A5A07E9AF10387487A /* IOKit.framework */ /* IOKit.framework */ = {isa = PBXFileReference; lastKnownFileType = wrapper.framework; name = IOKit.framework; path = System/Library/Frameworks/IOKit.framework; sourceTree = SDKROOT; };
		CBF96A03FC292C55FF217D5A /* LV_Dial.h */ /* LV_Dial.h */ = {isa = PBXFileReference; lastKnownFileType = sourcecode.c.h; name = LV_Dial.h; path = ../../Source/Widgets/LV_Dial.h; sourceTree = SOURCE_ROOT; };
		D12A724771FFE0F5BC3AC7D9 /* BinaryData3.cpp */ /* BinaryData3.cpp */ = {isa = PBXFileReference; lastKnownFileType = sourcecode.cpp.cpp; name = BinaryData3.cpp; path = ../../JuceLibraryCode/BinaryData3.cpp; sourceTree = SOURCE_ROOT; };
		D2B9A588C1D8A03D2DE46BB5 /* LV_FilterComponent.h */ /* LV_FilterComponent.h */ = {isa = PBXFileReference; lastKnownFileType = sourcecode.c.h; name = LV_FilterComponent.h; path = "../../Source/UI-Components/LV_FilterComponent.h"; sourceTree = SOURCE_ROOT; };
		D359CA5C1075498CCD92DFC6 /* include_juce_graphics.mm */ /* include_juce_graphics.mm */ = {isa = PBXFileReference; lastKnownFileType = sourcecode.cpp.objcpp; name = include_juce_graphics.mm; path = ../../JuceLibraryCode/include_juce_graphics.mm; sourceTree = SOURCE_ROOT; };
		D37BD5D9B5C066B7BB0207AC /* Accelerate.framework */ /* Accelerate.framework */ = {isa = PBXFileReference; lastKnownFileType = wrapper.framework; name = Accelerate.framework; path = System/Library/Frameworks/Accelerate.framework; sourceTree = SDKROOT; };
		D9BAB2D3FF91CBC876284741 /* LV_Window.h */ /* LV_Window.h */ = {isa = PBXFileReference; lastKnownFileType = sourcecode.c.h; name = LV_Window.h; path = "../../Source/UI-Components/LV_Window.h"; sourceTree = SOURCE_ROOT; };
		DCCAF1530E4295B1DBD678FD /* Cocoa.framework */ /* Cocoa.framework */ = {isa = PBXFileReference; lastKnownFileType = wrapper.framework; name = Cocoa.framework; path = System/Library/Frameworks/Cocoa.framework; sourceTree = SDKROOT; };
		DD98208178766B75678EB2A7 /* LV_SVFilter.h */ /* LV_SVFilter.h */ = {isa = PBXFileReference; lastKnownFileType = sourcecode.c.h; name = LV_SVFilter.h; path = ../../Source/DSP/LV_SVFilter.h; sourceTree = SOURCE_ROOT; };
		DD9E7AEF48076E74FFFCEA46 /* OversamplingMenu.cpp */ /* OversamplingMenu.cpp */ = {isa = PBXFileReference; lastKnownFileType = sourcecode.cpp.cpp; name = OversamplingMenu.cpp; path = "../../Source/UI-Methods/OversamplingMenu.cpp"; sourceTree = SOURCE_ROOT; };
		DE0593D9B17AA72F523E02A4 /* oscilloscope-01.png */ /* oscilloscope-01.png */ = {isa = PBXFileReference; lastKnownFileType = image.png; name = "oscilloscope-01.png"; path = "../../Source/Assets/oscilloscope-01.png"; sourceTree = SOURCE_ROOT; };
		E380AF3BA033675EC1115B55 /* juce_gui_basics */ /* juce_gui_basics */ = {isa = PBXFileReference; lastKnownFileType = folder; name = juce_gui_basics; path = /Users/landonviator/Documents/GitHub/JUCE/modules/juce_gui_basics; sourceTree = "<absolute>"; };
		E3F66BF7621F339E4BC53163 /* include_juce_audio_plugin_client_AU.r */ /* include_juce_audio_plugin_client_AU.r */ = {isa = PBXFileReference; lastKnownFileType = file.r; name = include_juce_audio_plugin_client_AU.r; path = ../../JuceLibraryCode/include_juce_audio_plugin_client_AU.r; sourceTree = SOURCE_ROOT; };
		EBA8FA878DC9FF667E7C5DDD /* include_juce_audio_devices.mm */ /* include_juce_audio_devices.mm */ = {isa = PBXFileReference; lastKnownFileType = sourcecode.cpp.objcpp; name = include_juce_audio_devices.mm; path = ../../JuceLibraryCode/include_juce_audio_devices.mm; sourceTree = SOURCE_ROOT; };
		EBFC3B152D0A89EE4CF99073 /* LV_SVFilter.cpp */ /* LV_SVFilter.cpp */ = {isa = PBXFileReference; lastKnownFileType = sourcecode.cpp.cpp; name = LV_SVFilter.cpp; path = ../../Source/DSP/LV_SVFilter.cpp; sourceTree = SOURCE_ROOT; };
		ED0A6C39CDDA55C9C7C0CDE5 /* include_juce_audio_basics.mm */ /* include_juce_audio_basics.mm */ = {isa = PBXFileReference; lastKnownFileType = sourcecode.cpp.objcpp; name = include_juce_audio_basics.mm; path = ../../JuceLibraryCode/include_juce_audio_basics.mm; sourceTree = SOURCE_ROOT; };
		EEE89A4649381D6E2904980E /* include_juce_audio_formats.mm */ /* include_juce_audio_formats.mm */ = {isa = PBXFileReference; lastKnownFileType = sourcecode.cpp.objcpp; name = include_juce_audio_formats.mm; path = ../../JuceLibraryCode/include_juce_audio_formats.mm; sourceTree = SOURCE_ROOT; };
		F0774E99C2A261D2100E4BC5 /* include_juce_audio_plugin_client_Standalone.cpp */ /* include_juce_audio_plugin_client_Standalone.cpp */ = {isa = PBXFileReference; lastKnownFileType = sourcecode.cpp.cpp; name = include_juce_audio_plugin_client_Standalone.cpp; path = ../../JuceLibraryCode/include_juce_audio_plugin_client_Standalone.cpp; sourceTree = SOURCE_ROOT; };
		F36039BC2357888E61F61C25 /* QuartzCore.framework */ /* QuartzCore.framework */ = {isa = PBXFileReference; lastKnownFileType = wrapper.framework; name = QuartzCore.framework; path = System/Library/Frameworks/QuartzCore.framework; sourceTree = SDKROOT; };
		F4A603D674AA9FCE06179241 /* WidgetIncludes.h */ /* WidgetIncludes.h */ = {isa = PBXFileReference; lastKnownFileType = sourcecode.c.h; name = WidgetIncludes.h; path = ../../Source/Widgets/WidgetIncludes.h; sourceTree = SOURCE_ROOT; };
		F4A8BB8A3BDCF7D0ACC91183 /* UI-SaveWindow.cpp */ /* UI-SaveWindow.cpp */ = {isa = PBXFileReference; lastKnownFileType = sourcecode.cpp.cpp; name = "UI-SaveWindow.cpp"; path = "../../Source/UI-Methods/UI-SaveWindow.cpp"; sourceTree = SOURCE_ROOT; };
		F8B9E17B7F907A4DC418F027 /* DiscRecording.framework */ /* DiscRecording.framework */ = {isa = PBXFileReference; lastKnownFileType = wrapper.framework; name = DiscRecording.framework; path = System/Library/Frameworks/DiscRecording.framework; sourceTree = SDKROOT; };
		F8CAF49300F22BBADFF8989B /* UI-InitWindow.cpp */ /* UI-InitWindow.cpp */ = {isa = PBXFileReference; lastKnownFileType = sourcecode.cpp.cpp; name = "UI-InitWindow.cpp"; path = "../../Source/UI-Methods/UI-InitWindow.cpp"; sourceTree = SOURCE_ROOT; };
		FBF6C6400EDCC8B01825EB67 /* PluginProcessor.cpp */ /* PluginProcessor.cpp */ = {isa = PBXFileReference; lastKnownFileType = sourcecode.cpp.cpp; name = PluginProcessor.cpp; path = ../../Source/PluginProcessor.cpp; sourceTree = SOURCE_ROOT; };
/* End PBXFileReference section */

/* Begin PBXFrameworksBuildPhase section */
		06E57AF04614FD78804D55FB = {
			isa = PBXFrameworksBuildPhase;
			buildActionMask = 2147483647;
			files = (
				98E8791DF91B45D166EBDE53,
				A0EB22EDAEF6C2B2209A17F0,
				B53727FFADED97295EA6CCD6,
				2BC1A51E6C1C9ADA3AA37BA4,
				FC4CB2D1FF6D2DEE439C7184,
				98C3C8D77DC516441ED46C3F,
				9320E886F592DA3D2CDF7FFA,
				4A094F484D290BD974CF5974,
				63DF75B163904A14F47DA10C,
				332EF8698FE0691383C61252,
				14484C0B422010EE280CCDB0,
				B7AD6C25878240F423C8ECB3,
			);
			runOnlyForDeploymentPostprocessing = 0;
		};
		12C8998DB8AA618EDC7336A1 = {
			isa = PBXFrameworksBuildPhase;
			buildActionMask = 2147483647;
			files = (
				6F59FAA5BB9773648BB1A918,
				98E8791DF91B45D166EBDE53,
				A0EB22EDAEF6C2B2209A17F0,
				B53727FFADED97295EA6CCD6,
				2BC1A51E6C1C9ADA3AA37BA4,
				FC4CB2D1FF6D2DEE439C7184,
				98C3C8D77DC516441ED46C3F,
				9320E886F592DA3D2CDF7FFA,
				4A094F484D290BD974CF5974,
				63DF75B163904A14F47DA10C,
				332EF8698FE0691383C61252,
				14484C0B422010EE280CCDB0,
				B7AD6C25878240F423C8ECB3,
			);
			runOnlyForDeploymentPostprocessing = 0;
		};
		86B0F4566216B1CFB75ED4CA = {
			isa = PBXFrameworksBuildPhase;
			buildActionMask = 2147483647;
			files = (
				98E8791DF91B45D166EBDE53,
				A0EB22EDAEF6C2B2209A17F0,
				B53727FFADED97295EA6CCD6,
				2BC1A51E6C1C9ADA3AA37BA4,
				FC4CB2D1FF6D2DEE439C7184,
				98C3C8D77DC516441ED46C3F,
				9320E886F592DA3D2CDF7FFA,
				4A094F484D290BD974CF5974,
				63DF75B163904A14F47DA10C,
				332EF8698FE0691383C61252,
				14484C0B422010EE280CCDB0,
				B7AD6C25878240F423C8ECB3,
			);
			runOnlyForDeploymentPostprocessing = 0;
		};
/* End PBXFrameworksBuildPhase section */

/* Begin PBXGroup section */
		10AA07748409FCA795D01B06 /* Source */ = {
			isa = PBXGroup;
			children = (
				B5B96AB7AD0ACDE006EB72C1,
				48EB14DCE801359F57B9AF7B,
				FF2FEA4A2E0C7124709AED43,
				6CC2BC77D8A15A9071A2AF55,
				53557D12F845A43BE2B062C3,
				FBF6C6400EDCC8B01825EB67,
				257F6A6925FAEF65C156D6BC,
				26F173DCA5AC7AF66F5D71BA,
				4973A1E0C1AE67453414E9DA,
			);
			name = Source;
			sourceTree = "<group>";
		};
		48EB14DCE801359F57B9AF7B /* DSP */ = {
			isa = PBXGroup;
			children = (
				AB84A76E1EA08FA7804EA3D0,
				5B0D2F954085837B340DF0EC,
				8B9788EFC32671EE3BA8834D,
				EBFC3B152D0A89EE4CF99073,
				DD98208178766B75678EB2A7,
			);
			name = DSP;
			sourceTree = "<group>";
		};
		53557D12F845A43BE2B062C3 /* Widgets */ = {
			isa = PBXGroup;
			children = (
				CBF96A03FC292C55FF217D5A,
				2235B11DCD72E88043C2CC72,
				A893523D78BB8A8294462472,
				6274651C2A91C7D84DA970E1,
				44A0DD70625A8CD5E7B2AFCC,
				30B8A74204D7FDE07CBB02E1,
				8F14ACED80799C8A43435387,
				050C357FAC9B865BD422DB11,
				09DF7B49B12707AA86162DE2,
				F4A603D674AA9FCE06179241,
			);
			name = Widgets;
			sourceTree = "<group>";
		};
		6CC2BC77D8A15A9071A2AF55 /* UI-Methods */ = {
			isa = PBXGroup;
			children = (
				DD9E7AEF48076E74FFFCEA46,
				796A94884A2A06565CBDB943,
				F8CAF49300F22BBADFF8989B,
				4761371416DE9E830C7C568B,
				1B6230DFC150C1B5599D07C5,
				F4A8BB8A3BDCF7D0ACC91183,
			);
			name = "UI-Methods";
			sourceTree = "<group>";
		};
		6E4F2E059B8F9D4CA5606633 /* Products */ = {
			isa = PBXGroup;
			children = (
				4C9A8662B7DE96A48A3764CB,
				AF95894FB7E94A31B51FE1F0,
				A7DCBB44E934EFBB12AF1B58,
				C29619C391DABFC7EE5E77A4,
			);
			name = Products;
			sourceTree = "<group>";
		};
		A2AC28E7F92DA76D2AB62C14 /* Just a Filter */ = {
			isa = PBXGroup;
			children = (
				10AA07748409FCA795D01B06,
			);
			name = "Just a Filter";
			sourceTree = "<group>";
		};
		A3AA2463A24F03B832D6846C /* Frameworks */ = {
			isa = PBXGroup;
			children = (
				BE1977DDF6DF29219E7D4EEC,
				D37BD5D9B5C066B7BB0207AC,
				9EEE4B0EB513C35FBA12048C,
				09F3F70D6C60292E1810F25D,
				DCCAF1530E4295B1DBD678FD,
				65F92FE7056931AFAF7BDF65,
				96F5BCC3668CA27949924275,
				8441A94FD072D8D37B88F07E,
				F8B9E17B7F907A4DC418F027,
				6C562C14079F25581EB7D744,
				CB63F1A5A07E9AF10387487A,
				F36039BC2357888E61F61C25,
				B4F1E18573436529EB3C2917,
			);
			name = Frameworks;
			sourceTree = "<group>";
		};
		B5B96AB7AD0ACDE006EB72C1 /* Assets */ = {
			isa = PBXGroup;
			children = (
				15EF8D61A06D906C82E7A134,
				3972A954E9402B440EBE929C,
				0327FC914BB2896C8BC83FCC,
				DE0593D9B17AA72F523E02A4,
				C5003540E71EAC3149397858,
				C048AB3EC75C033DCA145F91,
				174A9E72323916B8FFA8DB5A,
				1F9D556BFDFF30443B5F3F1C,
			);
			name = Assets;
			sourceTree = "<group>";
		};
		B6EE7FAD196A51314EDD20EF /* Resources */ = {
			isa = PBXGroup;
			children = (
				84514923830DD0B8360D0C61,
				5336903D750116BB37385815,
				6EA29AFEDAB844F1A467A1DD,
				7D9E7C5F36FCACACD2510D07,
			);
			name = Resources;
			sourceTree = "<group>";
		};
		CF5CB571E5502D51BB5C0847 /* Source */ = {
			isa = PBXGroup;
			children = (
				A2AC28E7F92DA76D2AB62C14,
				F2A9984B157055618771F774,
				E13D83A8D4709176F95F34E9,
				B6EE7FAD196A51314EDD20EF,
				A3AA2463A24F03B832D6846C,
				6E4F2E059B8F9D4CA5606633,
			);
			name = Source;
			sourceTree = "<group>";
		};
		E13D83A8D4709176F95F34E9 /* JUCE Library Code */ = {
			isa = PBXGroup;
			children = (
				7F3779F9789DB9445DCC5BA8,
				3EBD0F4B4030AA1A0CBC8B92,
				191B618B32E1DB6865205EE0,
				D12A724771FFE0F5BC3AC7D9,
				45666988232A35D45F8E4D23,
				88B523CD5D4344540386F422,
				ED0A6C39CDDA55C9C7C0CDE5,
				EBA8FA878DC9FF667E7C5DDD,
				EEE89A4649381D6E2904980E,
				E3F66BF7621F339E4BC53163,
				C0F6E653857036F41E906ADA,
				4040E7CBBBF8A54D11C49DBF,
				F0774E99C2A261D2100E4BC5,
				A4EAC7F0FACBBBD848BB2BE4,
				0EFFCF4449213D4144E718B3,
				396CD0A1E4B16A6C3966E5AC,
				BC7496731022F70838F6E1FF,
				4E5A1870969D9AB27914E42A,
				C368C0C96C9B024E017CA9F3,
				575C54FCDD8026115A1BD48E,
				56C619AB3B2A7B097938A6D7,
				24C9DE79C66B7CCF06124115,
				D359CA5C1075498CCD92DFC6,
				7A103A14347D799F35A6B5F0,
				137A428A574AD96975B062A8,
				8855C84B0C53F19A9F6F260B,
				52C8DB72854214964A979D59,
			);
			name = "JUCE Library Code";
			sourceTree = "<group>";
		};
		F2A9984B157055618771F774 /* JUCE Modules */ = {
			isa = PBXGroup;
			children = (
				6F47C44B8BCC1320A87EDAE6,
				7943490756505BB17EC7FA97,
				13EAF8C336A33A621583EC08,
				03A8D7819157950DFCEA12F4,
				3C16566A70460D4220C5A8D4,
				058E9B531EC14D8EC881317C,
				996708A97E6B61FE3AC43E84,
				6072BE7A392A859D96F18F45,
				78EBF53D8E4F920A82C41EA9,
				28530456A346E4598F6FBB03,
				24603FA07890C7F9F55A5FC7,
				E380AF3BA033675EC1115B55,
				0C640FDA21F802C7552508E0,
			);
			name = "JUCE Modules";
			sourceTree = "<group>";
		};
		FF2FEA4A2E0C7124709AED43 /* UI-Components */ = {
			isa = PBXGroup;
			children = (
				AD56560F67B8857D364424D4,
				D2B9A588C1D8A03D2DE46BB5,
				8DF4CA4297828419629C49AE,
				A2D76A035EB81FDD2853544F,
				8F96D97629BE42AC3F53EEA5,
				D9BAB2D3FF91CBC876284741,
			);
			name = "UI-Components";
			sourceTree = "<group>";
		};
/* End PBXGroup section */

/* Begin PBXNativeTarget section */
		5DE43E8506CFA87638BF47C1 /* Just a Filter - Shared Code */ = {
			isa = PBXNativeTarget;
			buildConfigurationList = DC997742CC2AF73E65495C2C;
			buildPhases = (
				CAC184D194D2C4C032CD354B,
			);
			buildRules = (
			);
			dependencies = (
			);
			name = "Just a Filter - Shared Code";
			productName = "Just a Filter";
			productReference = C29619C391DABFC7EE5E77A4;
			productType = "com.apple.product-type.library.static";
		};
		6286E41D21E62D3B4886E7C5 /* Just a Filter - Standalone Plugin */ = {
			isa = PBXNativeTarget;
			buildConfigurationList = 56E7FADC2F2E6D0D29C4F7A2;
			buildPhases = (
				AFE614E90D4B223F6D453AEB,
				419E4603D204ED13F4597B6A,
				86B0F4566216B1CFB75ED4CA,
			);
			buildRules = (
			);
			dependencies = (
				7758A6234FA9383023C67F1D,
			);
			name = "Just a Filter - Standalone Plugin";
			productName = "Just a Filter";
			productReference = A7DCBB44E934EFBB12AF1B58;
			productType = "com.apple.product-type.application";
		};
		6BA2B54176C08AFC351DD994 /* Just a Filter - VST3 */ = {
			isa = PBXNativeTarget;
			buildConfigurationList = 2323C0238A7272A0F4584F92;
			buildPhases = (
				791B6B37CC2DE51F03BDEC92,
				D84302FB9FB148AE2A544521,
				06E57AF04614FD78804D55FB,
			);
			buildRules = (
			);
			dependencies = (
				E9523A220484D5BAD2C7B4B1,
			);
			name = "Just a Filter - VST3";
			productName = "Just a Filter";
			productReference = 4C9A8662B7DE96A48A3764CB;
			productType = "com.apple.product-type.bundle";
		};
		B44F406125428420AC9AE233 /* Just a Filter - AU */ = {
			isa = PBXNativeTarget;
			buildConfigurationList = 1417FBDF03E49D05E3385EE3;
			buildPhases = (
				9AB4F4CBF064CD7EA2AF412F,
				51BF228855FD8C2B43E4C837,
				A4469BDED0DE0360091DF6B3,
				12C8998DB8AA618EDC7336A1,
			);
			buildRules = (
			);
			dependencies = (
				E2A87031BDB80F4E717E351D,
			);
			name = "Just a Filter - AU";
			productName = "Just a Filter";
			productReference = AF95894FB7E94A31B51FE1F0;
			productType = "com.apple.product-type.bundle";
		};
/* End PBXNativeTarget section */

/* Begin PBXProject section */
		00F7BA4DBEB43831AD3BF0B3 = {
			isa = PBXProject;
			attributes = {
				LastUpgradeCheck = 1320;
				ORGANIZATIONNAME = "";
				TargetAttributes = {
					5DE43E8506CFA87638BF47C1 = {
						SystemCapabilities = {
							com.apple.ApplicationGroups.iOS = {
								enabled = 0;
							};
							com.apple.HardenedRuntime = {
								enabled = 0;
							};
							com.apple.InAppPurchase = {
								enabled = 0;
							};
							com.apple.InterAppAudio = {
								enabled = 0;
							};
							com.apple.Push = {
								enabled = 0;
							};
							com.apple.Sandbox = {
								enabled = 0;
							};
						};
					};
					6286E41D21E62D3B4886E7C5 = {
						SystemCapabilities = {
							com.apple.ApplicationGroups.iOS = {
								enabled = 0;
							};
							com.apple.HardenedRuntime = {
								enabled = 0;
							};
							com.apple.InAppPurchase = {
								enabled = 0;
							};
							com.apple.InterAppAudio = {
								enabled = 0;
							};
							com.apple.Push = {
								enabled = 0;
							};
							com.apple.Sandbox = {
								enabled = 0;
							};
						};
					};
					6BA2B54176C08AFC351DD994 = {
						SystemCapabilities = {
							com.apple.ApplicationGroups.iOS = {
								enabled = 0;
							};
							com.apple.HardenedRuntime = {
								enabled = 0;
							};
							com.apple.InAppPurchase = {
								enabled = 0;
							};
							com.apple.InterAppAudio = {
								enabled = 0;
							};
							com.apple.Push = {
								enabled = 0;
							};
							com.apple.Sandbox = {
								enabled = 0;
							};
						};
					};
					B44F406125428420AC9AE233 = {
						SystemCapabilities = {
							com.apple.ApplicationGroups.iOS = {
								enabled = 0;
							};
							com.apple.HardenedRuntime = {
								enabled = 0;
							};
							com.apple.InAppPurchase = {
								enabled = 0;
							};
							com.apple.InterAppAudio = {
								enabled = 0;
							};
							com.apple.Push = {
								enabled = 0;
							};
							com.apple.Sandbox = {
								enabled = 0;
							};
						};
					};
					C5C2629FE672607D8D370E49 = {
						SystemCapabilities = {
							com.apple.ApplicationGroups.iOS = {
								enabled = 0;
							};
							com.apple.HardenedRuntime = {
								enabled = 0;
							};
							com.apple.InAppPurchase = {
								enabled = 0;
							};
							com.apple.InterAppAudio = {
								enabled = 0;
							};
							com.apple.Push = {
								enabled = 0;
							};
							com.apple.Sandbox = {
								enabled = 0;
							};
						};
					};
				};
			};
			buildConfigurationList = 65188ABF90AD0E5F435D42B2;
			compatibilityVersion = "Xcode 3.2";
			hasScannedForEncodings = 0;
			knownRegions = (
				en,
				Base,
			);
			mainGroup = CF5CB571E5502D51BB5C0847;
			projectDirPath = "";
			projectRoot = "";
			targets = (
				C5C2629FE672607D8D370E49,
				6BA2B54176C08AFC351DD994,
				B44F406125428420AC9AE233,
				6286E41D21E62D3B4886E7C5,
				5DE43E8506CFA87638BF47C1,
			);
		};
/* End PBXProject section */

/* Begin PBXResourcesBuildPhase section */
		791B6B37CC2DE51F03BDEC92 = {
			isa = PBXResourcesBuildPhase;
			buildActionMask = 2147483647;
			files = (
				0D6B62F62091BDBB0EF09728,
			);
			runOnlyForDeploymentPostprocessing = 0;
		};
		9AB4F4CBF064CD7EA2AF412F = {
			isa = PBXResourcesBuildPhase;
			buildActionMask = 2147483647;
			files = (
				0D6B62F62091BDBB0EF09728,
			);
			runOnlyForDeploymentPostprocessing = 0;
		};
		AFE614E90D4B223F6D453AEB = {
			isa = PBXResourcesBuildPhase;
			buildActionMask = 2147483647;
			files = (
				0D6B62F62091BDBB0EF09728,
			);
			runOnlyForDeploymentPostprocessing = 0;
		};
/* End PBXResourcesBuildPhase section */

/* Begin PBXRezBuildPhase section */
		51BF228855FD8C2B43E4C837 = {
			isa = PBXRezBuildPhase;
			buildActionMask = 2147483647;
			files = (
				9A3F15C4154D1DD65DA2C0B0,
			);
			runOnlyForDeploymentPostprocessing = 0;
		};
/* End PBXRezBuildPhase section */

/* Begin PBXSourcesBuildPhase section */
		419E4603D204ED13F4597B6A = {
			isa = PBXSourcesBuildPhase;
			buildActionMask = 2147483647;
			files = (
				A3350153329BB2AB395375DD,
			);
			runOnlyForDeploymentPostprocessing = 0;
		};
		A4469BDED0DE0360091DF6B3 = {
			isa = PBXSourcesBuildPhase;
			buildActionMask = 2147483647;
			files = (
				B41D666C41082F8377CA5328,
				D8B7B28126711CB75988CE8F,
			);
			runOnlyForDeploymentPostprocessing = 0;
		};
		CAC184D194D2C4C032CD354B = {
			isa = PBXSourcesBuildPhase;
			buildActionMask = 2147483647;
			files = (
				89563C0525277BAC33B9489C,
				9F8D0D0BBFBDD14DF80878FF,
				7B64AFA31F28F751285C4312,
				72EE60E25AE38F516B6D99A8,
				35BF2014E0652F231D736384,
				D135BCCC00C82AB64E9CE164,
				9089E07C9942599B3251837A,
				66381691082A0181AFE8866A,
				D3FF193E7F10082F2645908E,
				40C7D77B8B70D2C64F86886F,
				8DEAA729C0816D52C09E9C33,
				78F48BDCA7C91C066C49AF31,
				75BA16C19D21C2279BBAC8B9,
				0760DC5D68C90458AF20A7CE,
				65FC6ABD6BB3478AE83D0178,
				B25011CDB50929B33D3EF616,
				32878921099FEE0C6988A67E,
				4B42FCA3FE9CAA3694B33958,
				2A1BE45CC0E5DA20A188F924,
				B8D4DFC93C998D1A39EA48E5,
				F07F17D7CE20A0B40088B5A8,
				209E15662E8D6C46260F2313,
				68149668946E03233B21E0EA,
				2803A8911CD8995819114CDB,
				3115EB8B3D6B25361C91C158,
				124D9956EFF232104F0B1F1F,
				90E0FC8EDF9E0B3F91B8B579,
				30D3F0D371C25825C4A730A0,
				25289028B6474A27032AA2DB,
				50C2AC21BFAA1E0E110E70D7,
				938B4F79425BA4E97BC1C976,
				07B974E4AD10BE6FF71E35F0,
				2467CA9A65074D4983B343D3,
				86EA61489C629774797E8BE0,
			);
			runOnlyForDeploymentPostprocessing = 0;
		};
		D84302FB9FB148AE2A544521 = {
			isa = PBXSourcesBuildPhase;
			buildActionMask = 2147483647;
			files = (
				E34F852F764F18F0D0E761DE,
			);
			runOnlyForDeploymentPostprocessing = 0;
		};
/* End PBXSourcesBuildPhase section */

/* Begin PBXTargetDependency section */
		1C2EE89698EF97C9B3DA56FC = {
			isa = PBXTargetDependency;
			target = 5DE43E8506CFA87638BF47C1;
		};
		2B8F258A93588F4246951D58 = {
			isa = PBXTargetDependency;
			target = 6286E41D21E62D3B4886E7C5;
		};
		4092CE89ABF42CA07EDC5BF0 = {
			isa = PBXTargetDependency;
			target = B44F406125428420AC9AE233;
		};
		7758A6234FA9383023C67F1D = {
			isa = PBXTargetDependency;
			target = 5DE43E8506CFA87638BF47C1;
		};
		DB549C5983F88FD04519A47E = {
			isa = PBXTargetDependency;
			target = 6BA2B54176C08AFC351DD994;
		};
		E2A87031BDB80F4E717E351D = {
			isa = PBXTargetDependency;
			target = 5DE43E8506CFA87638BF47C1;
		};
		E9523A220484D5BAD2C7B4B1 = {
			isa = PBXTargetDependency;
			target = 5DE43E8506CFA87638BF47C1;
		};
/* End PBXTargetDependency section */

/* Begin XCBuildConfiguration section */
		11AE13FB2C5AB477DE6B457A /* Release */ = {
			isa = XCBuildConfiguration;
			buildSettings = {
				ALWAYS_SEARCH_USER_PATHS = NO;
				CLANG_ENABLE_OBJC_WEAK = YES;
				CLANG_WARN_BLOCK_CAPTURE_AUTORELEASING = YES;
				CLANG_WARN_BOOL_CONVERSION = YES;
				CLANG_WARN_COMMA = YES;
				CLANG_WARN_CONSTANT_CONVERSION = YES;
				CLANG_WARN_DEPRECATED_OBJC_IMPLEMENTATIONS = YES;
				CLANG_WARN_EMPTY_BODY = YES;
				CLANG_WARN_ENUM_CONVERSION = YES;
				CLANG_WARN_INFINITE_RECURSION = YES;
				CLANG_WARN_INT_CONVERSION = YES;
				CLANG_WARN_NON_LITERAL_NULL_CONVERSION = YES;
				CLANG_WARN_OBJC_IMPLICIT_RETAIN_SELF = YES;
				CLANG_WARN_OBJC_LITERAL_CONVERSION = YES;
				CLANG_WARN_RANGE_LOOP_ANALYSIS = YES;
				CLANG_WARN_STRICT_PROTOTYPES = YES;
				CLANG_WARN_SUSPICIOUS_MOVE = YES;
				CLANG_WARN_UNREACHABLE_CODE = YES;
				CLANG_WARN__DUPLICATE_METHOD_MATCH = YES;
				CODE_SIGN_IDENTITY = "";
				DEBUG_INFORMATION_FORMAT = dwarf;
				ENABLE_STRICT_OBJC_MSGSEND = YES;
				ENABLE_TESTABILITY = NO;
				GCC_C_LANGUAGE_STANDARD = c11;
				GCC_INLINES_ARE_PRIVATE_EXTERN = YES;
				GCC_MODEL_TUNING = G5;
				GCC_NO_COMMON_BLOCKS = YES;
				GCC_SYMBOLS_PRIVATE_EXTERN = YES;
				GCC_WARN_64_TO_32_BIT_CONVERSION = YES;
				GCC_WARN_ABOUT_RETURN_TYPE = YES;
				GCC_WARN_CHECK_SWITCH_STATEMENTS = YES;
				GCC_WARN_MISSING_PARENTHESES = YES;
				GCC_WARN_NON_VIRTUAL_DESTRUCTOR = YES;
				GCC_WARN_TYPECHECK_CALLS_TO_PRINTF = YES;
				GCC_WARN_UNDECLARED_SELECTOR = YES;
				GCC_WARN_UNINITIALIZED_AUTOS = YES;
				GCC_WARN_UNUSED_FUNCTION = YES;
				GCC_WARN_UNUSED_VARIABLE = YES;
				PRODUCT_NAME = "Just a Filter";
				SDKROOT = macosx;
				WARNING_CFLAGS = "-Wreorder";
				ZERO_LINK = NO;
			};
			name = Release;
		};
		1F0E32D18560E6E6BF5DA8C3 /* Release */ = {
			isa = XCBuildConfiguration;
			buildSettings = {
				CLANG_CXX_LANGUAGE_STANDARD = "c++14";
				CLANG_CXX_LIBRARY = "libc++";
				CLANG_LINK_OBJC_RUNTIME = NO;
				CODE_SIGN_IDENTITY = "";
				COMBINE_HIDPI_IMAGES = YES;
				CONFIGURATION_BUILD_DIR = "$(PROJECT_DIR)/build/$(CONFIGURATION)";
				DEAD_CODE_STRIPPING = YES;
				DEPLOYMENT_LOCATION = YES;
				DSTROOT = /;
				EXCLUDED_ARCHS = "";
				GCC_GENERATE_DEBUGGING_SYMBOLS = NO;
				GCC_OPTIMIZATION_LEVEL = 3;
				GCC_PREPROCESSOR_DEFINITIONS = (
					"_NDEBUG=1",
					"NDEBUG=1",
					"JUCE_DISPLAY_SPLASH_SCREEN=0",
					"JUCE_USE_DARK_SPLASH_SCREEN=1",
					"JUCE_PROJUCER_VERSION=0x60105",
					"JUCE_MODULE_AVAILABLE_juce_audio_basics=1",
					"JUCE_MODULE_AVAILABLE_juce_audio_devices=1",
					"JUCE_MODULE_AVAILABLE_juce_audio_formats=1",
					"JUCE_MODULE_AVAILABLE_juce_audio_plugin_client=1",
					"JUCE_MODULE_AVAILABLE_juce_audio_processors=1",
					"JUCE_MODULE_AVAILABLE_juce_audio_utils=1",
					"JUCE_MODULE_AVAILABLE_juce_core=1",
					"JUCE_MODULE_AVAILABLE_juce_data_structures=1",
					"JUCE_MODULE_AVAILABLE_juce_dsp=1",
					"JUCE_MODULE_AVAILABLE_juce_events=1",
					"JUCE_MODULE_AVAILABLE_juce_graphics=1",
					"JUCE_MODULE_AVAILABLE_juce_gui_basics=1",
					"JUCE_MODULE_AVAILABLE_juce_gui_extra=1",
					"JUCE_GLOBAL_MODULE_SETTINGS_INCLUDED=1",
					"JUCE_VST3_CAN_REPLACE_VST2=0",
					"JUCE_STRICT_REFCOUNTEDPOINTER=1",
					"JucePlugin_Build_VST=0",
					"JucePlugin_Build_VST3=1",
					"JucePlugin_Build_AU=0",
					"JucePlugin_Build_AUv3=0",
					"JucePlugin_Build_RTAS=0",
					"JucePlugin_Build_AAX=0",
					"JucePlugin_Build_Standalone=0",
					"JucePlugin_Build_Unity=0",
					"JucePlugin_Enable_IAA=0",
					"JucePlugin_Name=\\\"Just\\ a\\ Filter\\\"",
					"JucePlugin_Desc=\\\"Just\\ a\\ Filter\\\"",
					"JucePlugin_Manufacturer=\\\"yourcompany\\\"",
					"JucePlugin_ManufacturerWebsite=\\\"\\\"",
					"JucePlugin_ManufacturerEmail=\\\"\\\"",
					"JucePlugin_ManufacturerCode=0x4d616e75",
					"JucePlugin_PluginCode=0x5373716d",
					"JucePlugin_IsSynth=0",
					"JucePlugin_WantsMidiInput=0",
					"JucePlugin_ProducesMidiOutput=0",
					"JucePlugin_IsMidiEffect=0",
					"JucePlugin_EditorRequiresKeyboardFocus=0",
					"JucePlugin_Version=1.0.0",
					"JucePlugin_VersionCode=0x10000",
					"JucePlugin_VersionString=\\\"1.0.0\\\"",
					"JucePlugin_VSTUniqueID=JucePlugin_PluginCode",
					"JucePlugin_VSTCategory=kPlugCategEffect",
					"JucePlugin_Vst3Category=\\\"Fx\\\"",
					"JucePlugin_AUMainType=\\'aufx\\'",
					"JucePlugin_AUSubType=JucePlugin_PluginCode",
					"JucePlugin_AUExportPrefix=JustaFilterAU",
					"JucePlugin_AUExportPrefixQuoted=\\\"JustaFilterAU\\\"",
					"JucePlugin_AUManufacturerCode=JucePlugin_ManufacturerCode",
					"JucePlugin_CFBundleIdentifier=com.yourcompany.JustaFilter",
					"JucePlugin_RTASCategory=0",
					"JucePlugin_RTASManufacturerCode=JucePlugin_ManufacturerCode",
					"JucePlugin_RTASProductId=JucePlugin_PluginCode",
					"JucePlugin_RTASDisableBypass=0",
					"JucePlugin_RTASDisableMultiMono=0",
					"JucePlugin_AAXIdentifier=com.yourcompany.JustaFilter",
					"JucePlugin_AAXManufacturerCode=JucePlugin_ManufacturerCode",
					"JucePlugin_AAXProductId=JucePlugin_PluginCode",
					"JucePlugin_AAXCategory=0",
					"JucePlugin_AAXDisableBypass=0",
					"JucePlugin_AAXDisableMultiMono=0",
					"JucePlugin_IAAType=0x61757278",
					"JucePlugin_IAASubType=JucePlugin_PluginCode",
					"JucePlugin_IAAName=\\\"yourcompany:\\ Just\\ a\\ Filter\\\"",
					"JucePlugin_VSTNumMidiInputs=16",
					"JucePlugin_VSTNumMidiOutputs=16",
					"JUCE_STANDALONE_APPLICATION=JucePlugin_Build_Standalone",
					"JUCER_XCODE_MAC_F6D2F4CF=1",
					"JUCE_APP_VERSION=1.0.0",
					"JUCE_APP_VERSION_HEX=0x10000",
				);
				GCC_VERSION = com.apple.compilers.llvm.clang.1_0;
				GENERATE_PKGINFO_FILE = YES;
				HEADER_SEARCH_PATHS = (
					"/Users/landonviator/Documents/GitHub/JUCE/modules/juce_audio_processors/format_types/VST3_SDK",
					"$(SRCROOT)/../../JuceLibraryCode",
					"/Users/landonviator/Documents/GitHub/JUCE/modules",
					"/Users/landonviator/Documents/GitHub/JUCE/modules/juce_audio_plugin_client",
					"$(inherited)",
				);
				INFOPLIST_FILE = Info-VST3.plist;
				INFOPLIST_PREPROCESS = NO;
				INSTALL_PATH = "$(HOME)/Library/Audio/Plug-Ins/VST3/";
				LIBRARY_STYLE = Bundle;
				LLVM_LTO = YES;
				MACOSX_DEPLOYMENT_TARGET = 10.11;
				MTL_HEADER_SEARCH_PATHS = "/Users/landonviator/Documents/GitHub/JUCE/modules/juce_audio_processors/format_types/VST3_SDK $(SRCROOT)/../../JuceLibraryCode /Users/landonviator/Documents/GitHub/JUCE/modules /Users/landonviator/Documents/GitHub/JUCE/modules/juce_audio_plugin_client";
				OTHER_LDFLAGS = "-bundle -lJust\\ a\\ Filter";
				PRODUCT_BUNDLE_IDENTIFIER = com.yourcompany.JustaFilter;
				PRODUCT_NAME = "Just a Filter";
				USE_HEADERMAP = NO;
				VALID_ARCHS = "i386 x86_64 arm64 arm64e";
				WRAPPER_EXTENSION = vst3;
			};
			name = Release;
		};
		35C93073A50AC693E66A88BD /* Release */ = {
			isa = XCBuildConfiguration;
			buildSettings = {
				MACOSX_DEPLOYMENT_TARGET = 10.11;
				SDKROOT = macosx;
			};
			name = Release;
		};
		3BAF9068CAF2922D4257587A /* Debug */ = {
			isa = XCBuildConfiguration;
			buildSettings = {
				CLANG_CXX_LANGUAGE_STANDARD = "c++14";
				CLANG_CXX_LIBRARY = "libc++";
				CLANG_LINK_OBJC_RUNTIME = NO;
				CODE_SIGN_IDENTITY = "";
				COMBINE_HIDPI_IMAGES = YES;
				CONFIGURATION_BUILD_DIR = "$(PROJECT_DIR)/build/$(CONFIGURATION)";
				COPY_PHASE_STRIP = NO;
				EXCLUDED_ARCHS = "";
				GCC_DYNAMIC_NO_PIC = NO;
				GCC_OPTIMIZATION_LEVEL = 0;
				GCC_PREPROCESSOR_DEFINITIONS = (
					"_DEBUG=1",
					"DEBUG=1",
					"JUCE_DISPLAY_SPLASH_SCREEN=0",
					"JUCE_USE_DARK_SPLASH_SCREEN=1",
					"JUCE_PROJUCER_VERSION=0x60105",
					"JUCE_MODULE_AVAILABLE_juce_audio_basics=1",
					"JUCE_MODULE_AVAILABLE_juce_audio_devices=1",
					"JUCE_MODULE_AVAILABLE_juce_audio_formats=1",
					"JUCE_MODULE_AVAILABLE_juce_audio_plugin_client=1",
					"JUCE_MODULE_AVAILABLE_juce_audio_processors=1",
					"JUCE_MODULE_AVAILABLE_juce_audio_utils=1",
					"JUCE_MODULE_AVAILABLE_juce_core=1",
					"JUCE_MODULE_AVAILABLE_juce_data_structures=1",
					"JUCE_MODULE_AVAILABLE_juce_dsp=1",
					"JUCE_MODULE_AVAILABLE_juce_events=1",
					"JUCE_MODULE_AVAILABLE_juce_graphics=1",
					"JUCE_MODULE_AVAILABLE_juce_gui_basics=1",
					"JUCE_MODULE_AVAILABLE_juce_gui_extra=1",
					"JUCE_GLOBAL_MODULE_SETTINGS_INCLUDED=1",
					"JUCE_VST3_CAN_REPLACE_VST2=0",
					"JUCE_STRICT_REFCOUNTEDPOINTER=1",
					"JucePlugin_Build_VST=0",
					"JucePlugin_Build_VST3=0",
					"JucePlugin_Build_AU=0",
					"JucePlugin_Build_AUv3=0",
					"JucePlugin_Build_RTAS=0",
					"JucePlugin_Build_AAX=0",
					"JucePlugin_Build_Standalone=1",
					"JucePlugin_Build_Unity=0",
					"JucePlugin_Enable_IAA=0",
					"JucePlugin_Name=\\\"Just\\ a\\ Filter\\\"",
					"JucePlugin_Desc=\\\"Just\\ a\\ Filter\\\"",
					"JucePlugin_Manufacturer=\\\"yourcompany\\\"",
					"JucePlugin_ManufacturerWebsite=\\\"\\\"",
					"JucePlugin_ManufacturerEmail=\\\"\\\"",
					"JucePlugin_ManufacturerCode=0x4d616e75",
					"JucePlugin_PluginCode=0x5373716d",
					"JucePlugin_IsSynth=0",
					"JucePlugin_WantsMidiInput=0",
					"JucePlugin_ProducesMidiOutput=0",
					"JucePlugin_IsMidiEffect=0",
					"JucePlugin_EditorRequiresKeyboardFocus=0",
					"JucePlugin_Version=1.0.0",
					"JucePlugin_VersionCode=0x10000",
					"JucePlugin_VersionString=\\\"1.0.0\\\"",
					"JucePlugin_VSTUniqueID=JucePlugin_PluginCode",
					"JucePlugin_VSTCategory=kPlugCategEffect",
					"JucePlugin_Vst3Category=\\\"Fx\\\"",
					"JucePlugin_AUMainType=\\'aufx\\'",
					"JucePlugin_AUSubType=JucePlugin_PluginCode",
					"JucePlugin_AUExportPrefix=JustaFilterAU",
					"JucePlugin_AUExportPrefixQuoted=\\\"JustaFilterAU\\\"",
					"JucePlugin_AUManufacturerCode=JucePlugin_ManufacturerCode",
					"JucePlugin_CFBundleIdentifier=com.yourcompany.JustaFilter",
					"JucePlugin_RTASCategory=0",
					"JucePlugin_RTASManufacturerCode=JucePlugin_ManufacturerCode",
					"JucePlugin_RTASProductId=JucePlugin_PluginCode",
					"JucePlugin_RTASDisableBypass=0",
					"JucePlugin_RTASDisableMultiMono=0",
					"JucePlugin_AAXIdentifier=com.yourcompany.JustaFilter",
					"JucePlugin_AAXManufacturerCode=JucePlugin_ManufacturerCode",
					"JucePlugin_AAXProductId=JucePlugin_PluginCode",
					"JucePlugin_AAXCategory=0",
					"JucePlugin_AAXDisableBypass=0",
					"JucePlugin_AAXDisableMultiMono=0",
					"JucePlugin_IAAType=0x61757278",
					"JucePlugin_IAASubType=JucePlugin_PluginCode",
					"JucePlugin_IAAName=\\\"yourcompany:\\ Just\\ a\\ Filter\\\"",
					"JucePlugin_VSTNumMidiInputs=16",
					"JucePlugin_VSTNumMidiOutputs=16",
					"JUCE_STANDALONE_APPLICATION=JucePlugin_Build_Standalone",
					"JUCER_XCODE_MAC_F6D2F4CF=1",
					"JUCE_APP_VERSION=1.0.0",
					"JUCE_APP_VERSION_HEX=0x10000",
				);
				GCC_VERSION = com.apple.compilers.llvm.clang.1_0;
				HEADER_SEARCH_PATHS = (
					"/Users/landonviator/Documents/GitHub/JUCE/modules/juce_audio_processors/format_types/VST3_SDK",
					"$(SRCROOT)/../../JuceLibraryCode",
					"/Users/landonviator/Documents/GitHub/JUCE/modules",
					"/Users/landonviator/Documents/GitHub/JUCE/modules/juce_audio_plugin_client",
					"$(inherited)",
				);
				INFOPLIST_FILE = Info-Standalone_Plugin.plist;
				INFOPLIST_PREPROCESS = NO;
				MACOSX_DEPLOYMENT_TARGET = 10.11;
				MTL_HEADER_SEARCH_PATHS = "/Users/landonviator/Documents/GitHub/JUCE/modules/juce_audio_processors/format_types/VST3_SDK $(SRCROOT)/../../JuceLibraryCode /Users/landonviator/Documents/GitHub/JUCE/modules /Users/landonviator/Documents/GitHub/JUCE/modules/juce_audio_plugin_client";
				OTHER_LDFLAGS = "-lJust\\ a\\ Filter";
				PRODUCT_BUNDLE_IDENTIFIER = com.yourcompany.JustaFilter;
				PRODUCT_NAME = "Just a Filter";
				USE_HEADERMAP = NO;
				VALID_ARCHS = "i386 x86_64 arm64 arm64e";
			};
			name = Debug;
		};
		4BECBA3F9FF0C0516AA69D36 /* Debug */ = {
			isa = XCBuildConfiguration;
			buildSettings = {
				ALWAYS_SEARCH_USER_PATHS = NO;
				CLANG_ENABLE_OBJC_WEAK = YES;
				CLANG_WARN_BLOCK_CAPTURE_AUTORELEASING = YES;
				CLANG_WARN_BOOL_CONVERSION = YES;
				CLANG_WARN_COMMA = YES;
				CLANG_WARN_CONSTANT_CONVERSION = YES;
				CLANG_WARN_DEPRECATED_OBJC_IMPLEMENTATIONS = YES;
				CLANG_WARN_EMPTY_BODY = YES;
				CLANG_WARN_ENUM_CONVERSION = YES;
				CLANG_WARN_INFINITE_RECURSION = YES;
				CLANG_WARN_INT_CONVERSION = YES;
				CLANG_WARN_NON_LITERAL_NULL_CONVERSION = YES;
				CLANG_WARN_OBJC_IMPLICIT_RETAIN_SELF = YES;
				CLANG_WARN_OBJC_LITERAL_CONVERSION = YES;
				CLANG_WARN_RANGE_LOOP_ANALYSIS = YES;
				CLANG_WARN_STRICT_PROTOTYPES = YES;
				CLANG_WARN_SUSPICIOUS_MOVE = YES;
				CLANG_WARN_UNREACHABLE_CODE = YES;
				CLANG_WARN__DUPLICATE_METHOD_MATCH = YES;
				CODE_SIGN_IDENTITY = "";
				DEBUG_INFORMATION_FORMAT = dwarf;
				ENABLE_STRICT_OBJC_MSGSEND = YES;
				ENABLE_TESTABILITY = NO;
				GCC_C_LANGUAGE_STANDARD = c11;
				GCC_INLINES_ARE_PRIVATE_EXTERN = YES;
				GCC_MODEL_TUNING = G5;
				GCC_NO_COMMON_BLOCKS = YES;
				GCC_SYMBOLS_PRIVATE_EXTERN = YES;
				GCC_WARN_64_TO_32_BIT_CONVERSION = YES;
				GCC_WARN_ABOUT_RETURN_TYPE = YES;
				GCC_WARN_CHECK_SWITCH_STATEMENTS = YES;
				GCC_WARN_MISSING_PARENTHESES = YES;
				GCC_WARN_NON_VIRTUAL_DESTRUCTOR = YES;
				GCC_WARN_TYPECHECK_CALLS_TO_PRINTF = YES;
				GCC_WARN_UNDECLARED_SELECTOR = YES;
				GCC_WARN_UNINITIALIZED_AUTOS = YES;
				GCC_WARN_UNUSED_FUNCTION = YES;
				GCC_WARN_UNUSED_VARIABLE = YES;
				ONLY_ACTIVE_ARCH = YES;
				PRODUCT_NAME = "Just a Filter";
				SDKROOT = macosx;
				WARNING_CFLAGS = "-Wreorder";
				ZERO_LINK = NO;
			};
			name = Debug;
		};
		579B400A4B43AC7EC49664DD /* Release */ = {
			isa = XCBuildConfiguration;
			buildSettings = {
				CLANG_CXX_LANGUAGE_STANDARD = "c++14";
				CLANG_CXX_LIBRARY = "libc++";
				CLANG_LINK_OBJC_RUNTIME = NO;
				CODE_SIGN_IDENTITY = "";
				COMBINE_HIDPI_IMAGES = YES;
				CONFIGURATION_BUILD_DIR = "$(PROJECT_DIR)/build/$(CONFIGURATION)";
				DEAD_CODE_STRIPPING = YES;
				EXCLUDED_ARCHS = "";
				GCC_GENERATE_DEBUGGING_SYMBOLS = NO;
				GCC_OPTIMIZATION_LEVEL = 3;
				GCC_PREPROCESSOR_DEFINITIONS = (
					"_NDEBUG=1",
					"NDEBUG=1",
					"JUCE_DISPLAY_SPLASH_SCREEN=0",
					"JUCE_USE_DARK_SPLASH_SCREEN=1",
					"JUCE_PROJUCER_VERSION=0x60105",
					"JUCE_MODULE_AVAILABLE_juce_audio_basics=1",
					"JUCE_MODULE_AVAILABLE_juce_audio_devices=1",
					"JUCE_MODULE_AVAILABLE_juce_audio_formats=1",
					"JUCE_MODULE_AVAILABLE_juce_audio_plugin_client=1",
					"JUCE_MODULE_AVAILABLE_juce_audio_processors=1",
					"JUCE_MODULE_AVAILABLE_juce_audio_utils=1",
					"JUCE_MODULE_AVAILABLE_juce_core=1",
					"JUCE_MODULE_AVAILABLE_juce_data_structures=1",
					"JUCE_MODULE_AVAILABLE_juce_dsp=1",
					"JUCE_MODULE_AVAILABLE_juce_events=1",
					"JUCE_MODULE_AVAILABLE_juce_graphics=1",
					"JUCE_MODULE_AVAILABLE_juce_gui_basics=1",
					"JUCE_MODULE_AVAILABLE_juce_gui_extra=1",
					"JUCE_GLOBAL_MODULE_SETTINGS_INCLUDED=1",
					"JUCE_VST3_CAN_REPLACE_VST2=0",
					"JUCE_STRICT_REFCOUNTEDPOINTER=1",
					"JucePlugin_Build_VST=0",
					"JucePlugin_Build_VST3=0",
					"JucePlugin_Build_AU=0",
					"JucePlugin_Build_AUv3=0",
					"JucePlugin_Build_RTAS=0",
					"JucePlugin_Build_AAX=0",
					"JucePlugin_Build_Standalone=1",
					"JucePlugin_Build_Unity=0",
					"JucePlugin_Enable_IAA=0",
					"JucePlugin_Name=\\\"Just\\ a\\ Filter\\\"",
					"JucePlugin_Desc=\\\"Just\\ a\\ Filter\\\"",
					"JucePlugin_Manufacturer=\\\"yourcompany\\\"",
					"JucePlugin_ManufacturerWebsite=\\\"\\\"",
					"JucePlugin_ManufacturerEmail=\\\"\\\"",
					"JucePlugin_ManufacturerCode=0x4d616e75",
					"JucePlugin_PluginCode=0x5373716d",
					"JucePlugin_IsSynth=0",
					"JucePlugin_WantsMidiInput=0",
					"JucePlugin_ProducesMidiOutput=0",
					"JucePlugin_IsMidiEffect=0",
					"JucePlugin_EditorRequiresKeyboardFocus=0",
					"JucePlugin_Version=1.0.0",
					"JucePlugin_VersionCode=0x10000",
					"JucePlugin_VersionString=\\\"1.0.0\\\"",
					"JucePlugin_VSTUniqueID=JucePlugin_PluginCode",
					"JucePlugin_VSTCategory=kPlugCategEffect",
					"JucePlugin_Vst3Category=\\\"Fx\\\"",
					"JucePlugin_AUMainType=\\'aufx\\'",
					"JucePlugin_AUSubType=JucePlugin_PluginCode",
					"JucePlugin_AUExportPrefix=JustaFilterAU",
					"JucePlugin_AUExportPrefixQuoted=\\\"JustaFilterAU\\\"",
					"JucePlugin_AUManufacturerCode=JucePlugin_ManufacturerCode",
					"JucePlugin_CFBundleIdentifier=com.yourcompany.JustaFilter",
					"JucePlugin_RTASCategory=0",
					"JucePlugin_RTASManufacturerCode=JucePlugin_ManufacturerCode",
					"JucePlugin_RTASProductId=JucePlugin_PluginCode",
					"JucePlugin_RTASDisableBypass=0",
					"JucePlugin_RTASDisableMultiMono=0",
					"JucePlugin_AAXIdentifier=com.yourcompany.JustaFilter",
					"JucePlugin_AAXManufacturerCode=JucePlugin_ManufacturerCode",
					"JucePlugin_AAXProductId=JucePlugin_PluginCode",
					"JucePlugin_AAXCategory=0",
					"JucePlugin_AAXDisableBypass=0",
					"JucePlugin_AAXDisableMultiMono=0",
					"JucePlugin_IAAType=0x61757278",
					"JucePlugin_IAASubType=JucePlugin_PluginCode",
					"JucePlugin_IAAName=\\\"yourcompany:\\ Just\\ a\\ Filter\\\"",
					"JucePlugin_VSTNumMidiInputs=16",
					"JucePlugin_VSTNumMidiOutputs=16",
					"JUCE_STANDALONE_APPLICATION=JucePlugin_Build_Standalone",
					"JUCER_XCODE_MAC_F6D2F4CF=1",
					"JUCE_APP_VERSION=1.0.0",
					"JUCE_APP_VERSION_HEX=0x10000",
				);
				GCC_VERSION = com.apple.compilers.llvm.clang.1_0;
				HEADER_SEARCH_PATHS = (
					"/Users/landonviator/Documents/GitHub/JUCE/modules/juce_audio_processors/format_types/VST3_SDK",
					"$(SRCROOT)/../../JuceLibraryCode",
					"/Users/landonviator/Documents/GitHub/JUCE/modules",
					"/Users/landonviator/Documents/GitHub/JUCE/modules/juce_audio_plugin_client",
					"$(inherited)",
				);
				INFOPLIST_FILE = Info-Standalone_Plugin.plist;
				INFOPLIST_PREPROCESS = NO;
				LLVM_LTO = YES;
				MACOSX_DEPLOYMENT_TARGET = 10.11;
				MTL_HEADER_SEARCH_PATHS = "/Users/landonviator/Documents/GitHub/JUCE/modules/juce_audio_processors/format_types/VST3_SDK $(SRCROOT)/../../JuceLibraryCode /Users/landonviator/Documents/GitHub/JUCE/modules /Users/landonviator/Documents/GitHub/JUCE/modules/juce_audio_plugin_client";
				OTHER_LDFLAGS = "-lJust\\ a\\ Filter";
				PRODUCT_BUNDLE_IDENTIFIER = com.yourcompany.JustaFilter;
				PRODUCT_NAME = "Just a Filter";
				USE_HEADERMAP = NO;
				VALID_ARCHS = "i386 x86_64 arm64 arm64e";
			};
			name = Release;
		};
		5C6E6A8246663BCFCA03DA25 /* Debug */ = {
			isa = XCBuildConfiguration;
			buildSettings = {
				MACOSX_DEPLOYMENT_TARGET = 10.11;
				SDKROOT = macosx;
			};
			name = Debug;
		};
		727745BACCE4024CFC86EE75 /* Release */ = {
			isa = XCBuildConfiguration;
			buildSettings = {
				CLANG_CXX_LANGUAGE_STANDARD = "c++14";
				CLANG_CXX_LIBRARY = "libc++";
				CLANG_LINK_OBJC_RUNTIME = NO;
				CODE_SIGN_IDENTITY = "";
				COMBINE_HIDPI_IMAGES = YES;
				CONFIGURATION_BUILD_DIR = "$(PROJECT_DIR)/build/$(CONFIGURATION)";
				DEAD_CODE_STRIPPING = YES;
				EXCLUDED_ARCHS = "";
				GCC_GENERATE_DEBUGGING_SYMBOLS = NO;
				GCC_OPTIMIZATION_LEVEL = 3;
				GCC_PREPROCESSOR_DEFINITIONS = (
					"_NDEBUG=1",
					"NDEBUG=1",
					"JUCE_DISPLAY_SPLASH_SCREEN=0",
					"JUCE_USE_DARK_SPLASH_SCREEN=1",
					"JUCE_PROJUCER_VERSION=0x60105",
					"JUCE_MODULE_AVAILABLE_juce_audio_basics=1",
					"JUCE_MODULE_AVAILABLE_juce_audio_devices=1",
					"JUCE_MODULE_AVAILABLE_juce_audio_formats=1",
					"JUCE_MODULE_AVAILABLE_juce_audio_plugin_client=1",
					"JUCE_MODULE_AVAILABLE_juce_audio_processors=1",
					"JUCE_MODULE_AVAILABLE_juce_audio_utils=1",
					"JUCE_MODULE_AVAILABLE_juce_core=1",
					"JUCE_MODULE_AVAILABLE_juce_data_structures=1",
					"JUCE_MODULE_AVAILABLE_juce_dsp=1",
					"JUCE_MODULE_AVAILABLE_juce_events=1",
					"JUCE_MODULE_AVAILABLE_juce_graphics=1",
					"JUCE_MODULE_AVAILABLE_juce_gui_basics=1",
					"JUCE_MODULE_AVAILABLE_juce_gui_extra=1",
					"JUCE_GLOBAL_MODULE_SETTINGS_INCLUDED=1",
					"JUCE_VST3_CAN_REPLACE_VST2=0",
					"JUCE_STRICT_REFCOUNTEDPOINTER=1",
					"JucePlugin_Build_VST=0",
					"JucePlugin_Build_VST3=1",
					"JucePlugin_Build_AU=1",
					"JucePlugin_Build_AUv3=0",
					"JucePlugin_Build_RTAS=0",
					"JucePlugin_Build_AAX=0",
					"JucePlugin_Build_Standalone=1",
					"JucePlugin_Build_Unity=0",
					"JucePlugin_Enable_IAA=0",
					"JucePlugin_Name=\\\"Just\\ a\\ Filter\\\"",
					"JucePlugin_Desc=\\\"Just\\ a\\ Filter\\\"",
					"JucePlugin_Manufacturer=\\\"yourcompany\\\"",
					"JucePlugin_ManufacturerWebsite=\\\"\\\"",
					"JucePlugin_ManufacturerEmail=\\\"\\\"",
					"JucePlugin_ManufacturerCode=0x4d616e75",
					"JucePlugin_PluginCode=0x5373716d",
					"JucePlugin_IsSynth=0",
					"JucePlugin_WantsMidiInput=0",
					"JucePlugin_ProducesMidiOutput=0",
					"JucePlugin_IsMidiEffect=0",
					"JucePlugin_EditorRequiresKeyboardFocus=0",
					"JucePlugin_Version=1.0.0",
					"JucePlugin_VersionCode=0x10000",
					"JucePlugin_VersionString=\\\"1.0.0\\\"",
					"JucePlugin_VSTUniqueID=JucePlugin_PluginCode",
					"JucePlugin_VSTCategory=kPlugCategEffect",
					"JucePlugin_Vst3Category=\\\"Fx\\\"",
					"JucePlugin_AUMainType=\\'aufx\\'",
					"JucePlugin_AUSubType=JucePlugin_PluginCode",
					"JucePlugin_AUExportPrefix=JustaFilterAU",
					"JucePlugin_AUExportPrefixQuoted=\\\"JustaFilterAU\\\"",
					"JucePlugin_AUManufacturerCode=JucePlugin_ManufacturerCode",
					"JucePlugin_CFBundleIdentifier=com.yourcompany.JustaFilter",
					"JucePlugin_RTASCategory=0",
					"JucePlugin_RTASManufacturerCode=JucePlugin_ManufacturerCode",
					"JucePlugin_RTASProductId=JucePlugin_PluginCode",
					"JucePlugin_RTASDisableBypass=0",
					"JucePlugin_RTASDisableMultiMono=0",
					"JucePlugin_AAXIdentifier=com.yourcompany.JustaFilter",
					"JucePlugin_AAXManufacturerCode=JucePlugin_ManufacturerCode",
					"JucePlugin_AAXProductId=JucePlugin_PluginCode",
					"JucePlugin_AAXCategory=0",
					"JucePlugin_AAXDisableBypass=0",
					"JucePlugin_AAXDisableMultiMono=0",
					"JucePlugin_IAAType=0x61757278",
					"JucePlugin_IAASubType=JucePlugin_PluginCode",
					"JucePlugin_IAAName=\\\"yourcompany:\\ Just\\ a\\ Filter\\\"",
					"JucePlugin_VSTNumMidiInputs=16",
					"JucePlugin_VSTNumMidiOutputs=16",
					"JUCE_STANDALONE_APPLICATION=JucePlugin_Build_Standalone",
					"JUCER_XCODE_MAC_F6D2F4CF=1",
					"JUCE_APP_VERSION=1.0.0",
					"JUCE_APP_VERSION_HEX=0x10000",
					"JUCE_SHARED_CODE=1",
				);
				GCC_VERSION = com.apple.compilers.llvm.clang.1_0;
				HEADER_SEARCH_PATHS = (
					"/Users/landonviator/Documents/GitHub/JUCE/modules/juce_audio_processors/format_types/VST3_SDK",
					"$(SRCROOT)/../../JuceLibraryCode",
					"/Users/landonviator/Documents/GitHub/JUCE/modules",
					"/Users/landonviator/Documents/GitHub/JUCE/modules/juce_audio_plugin_client",
					"$(inherited)",
				);
				INSTALL_PATH = "@executable_path/../Frameworks";
				LLVM_LTO = YES;
				MACOSX_DEPLOYMENT_TARGET = 10.11;
				MTL_HEADER_SEARCH_PATHS = "/Users/landonviator/Documents/GitHub/JUCE/modules/juce_audio_processors/format_types/VST3_SDK $(SRCROOT)/../../JuceLibraryCode /Users/landonviator/Documents/GitHub/JUCE/modules /Users/landonviator/Documents/GitHub/JUCE/modules/juce_audio_plugin_client";
				PRODUCT_BUNDLE_IDENTIFIER = com.yourcompany.JustaFilter;
				PRODUCT_NAME = "Just a Filter";
				SKIP_INSTALL = YES;
				USE_HEADERMAP = NO;
				VALID_ARCHS = "i386 x86_64 arm64 arm64e";
			};
			name = Release;
		};
		8153CA592116EB00F322A1C6 /* Debug */ = {
			isa = XCBuildConfiguration;
			buildSettings = {
				CLANG_CXX_LANGUAGE_STANDARD = "c++14";
				CLANG_CXX_LIBRARY = "libc++";
				CLANG_LINK_OBJC_RUNTIME = NO;
				CODE_SIGN_IDENTITY = "";
				COMBINE_HIDPI_IMAGES = YES;
				CONFIGURATION_BUILD_DIR = "$(PROJECT_DIR)/build/$(CONFIGURATION)";
				COPY_PHASE_STRIP = NO;
				DEPLOYMENT_LOCATION = YES;
				DSTROOT = /;
				EXCLUDED_ARCHS = "";
				GCC_DYNAMIC_NO_PIC = NO;
				GCC_OPTIMIZATION_LEVEL = 0;
				GCC_PREPROCESSOR_DEFINITIONS = (
					"_DEBUG=1",
					"DEBUG=1",
					"JUCE_DISPLAY_SPLASH_SCREEN=0",
					"JUCE_USE_DARK_SPLASH_SCREEN=1",
					"JUCE_PROJUCER_VERSION=0x60105",
					"JUCE_MODULE_AVAILABLE_juce_audio_basics=1",
					"JUCE_MODULE_AVAILABLE_juce_audio_devices=1",
					"JUCE_MODULE_AVAILABLE_juce_audio_formats=1",
					"JUCE_MODULE_AVAILABLE_juce_audio_plugin_client=1",
					"JUCE_MODULE_AVAILABLE_juce_audio_processors=1",
					"JUCE_MODULE_AVAILABLE_juce_audio_utils=1",
					"JUCE_MODULE_AVAILABLE_juce_core=1",
					"JUCE_MODULE_AVAILABLE_juce_data_structures=1",
					"JUCE_MODULE_AVAILABLE_juce_dsp=1",
					"JUCE_MODULE_AVAILABLE_juce_events=1",
					"JUCE_MODULE_AVAILABLE_juce_graphics=1",
					"JUCE_MODULE_AVAILABLE_juce_gui_basics=1",
					"JUCE_MODULE_AVAILABLE_juce_gui_extra=1",
					"JUCE_GLOBAL_MODULE_SETTINGS_INCLUDED=1",
					"JUCE_VST3_CAN_REPLACE_VST2=0",
					"JUCE_STRICT_REFCOUNTEDPOINTER=1",
					"JucePlugin_Build_VST=0",
					"JucePlugin_Build_VST3=1",
					"JucePlugin_Build_AU=0",
					"JucePlugin_Build_AUv3=0",
					"JucePlugin_Build_RTAS=0",
					"JucePlugin_Build_AAX=0",
					"JucePlugin_Build_Standalone=0",
					"JucePlugin_Build_Unity=0",
					"JucePlugin_Enable_IAA=0",
					"JucePlugin_Name=\\\"Just\\ a\\ Filter\\\"",
					"JucePlugin_Desc=\\\"Just\\ a\\ Filter\\\"",
					"JucePlugin_Manufacturer=\\\"yourcompany\\\"",
					"JucePlugin_ManufacturerWebsite=\\\"\\\"",
					"JucePlugin_ManufacturerEmail=\\\"\\\"",
					"JucePlugin_ManufacturerCode=0x4d616e75",
					"JucePlugin_PluginCode=0x5373716d",
					"JucePlugin_IsSynth=0",
					"JucePlugin_WantsMidiInput=0",
					"JucePlugin_ProducesMidiOutput=0",
					"JucePlugin_IsMidiEffect=0",
					"JucePlugin_EditorRequiresKeyboardFocus=0",
					"JucePlugin_Version=1.0.0",
					"JucePlugin_VersionCode=0x10000",
					"JucePlugin_VersionString=\\\"1.0.0\\\"",
					"JucePlugin_VSTUniqueID=JucePlugin_PluginCode",
					"JucePlugin_VSTCategory=kPlugCategEffect",
					"JucePlugin_Vst3Category=\\\"Fx\\\"",
					"JucePlugin_AUMainType=\\'aufx\\'",
					"JucePlugin_AUSubType=JucePlugin_PluginCode",
					"JucePlugin_AUExportPrefix=JustaFilterAU",
					"JucePlugin_AUExportPrefixQuoted=\\\"JustaFilterAU\\\"",
					"JucePlugin_AUManufacturerCode=JucePlugin_ManufacturerCode",
					"JucePlugin_CFBundleIdentifier=com.yourcompany.JustaFilter",
					"JucePlugin_RTASCategory=0",
					"JucePlugin_RTASManufacturerCode=JucePlugin_ManufacturerCode",
					"JucePlugin_RTASProductId=JucePlugin_PluginCode",
					"JucePlugin_RTASDisableBypass=0",
					"JucePlugin_RTASDisableMultiMono=0",
					"JucePlugin_AAXIdentifier=com.yourcompany.JustaFilter",
					"JucePlugin_AAXManufacturerCode=JucePlugin_ManufacturerCode",
					"JucePlugin_AAXProductId=JucePlugin_PluginCode",
					"JucePlugin_AAXCategory=0",
					"JucePlugin_AAXDisableBypass=0",
					"JucePlugin_AAXDisableMultiMono=0",
					"JucePlugin_IAAType=0x61757278",
					"JucePlugin_IAASubType=JucePlugin_PluginCode",
					"JucePlugin_IAAName=\\\"yourcompany:\\ Just\\ a\\ Filter\\\"",
					"JucePlugin_VSTNumMidiInputs=16",
					"JucePlugin_VSTNumMidiOutputs=16",
					"JUCE_STANDALONE_APPLICATION=JucePlugin_Build_Standalone",
					"JUCER_XCODE_MAC_F6D2F4CF=1",
					"JUCE_APP_VERSION=1.0.0",
					"JUCE_APP_VERSION_HEX=0x10000",
				);
				GCC_VERSION = com.apple.compilers.llvm.clang.1_0;
				GENERATE_PKGINFO_FILE = YES;
				HEADER_SEARCH_PATHS = (
					"/Users/landonviator/Documents/GitHub/JUCE/modules/juce_audio_processors/format_types/VST3_SDK",
					"$(SRCROOT)/../../JuceLibraryCode",
					"/Users/landonviator/Documents/GitHub/JUCE/modules",
					"/Users/landonviator/Documents/GitHub/JUCE/modules/juce_audio_plugin_client",
					"$(inherited)",
				);
				INFOPLIST_FILE = Info-VST3.plist;
				INFOPLIST_PREPROCESS = NO;
				INSTALL_PATH = "$(HOME)/Library/Audio/Plug-Ins/VST3/";
				LIBRARY_STYLE = Bundle;
				MACOSX_DEPLOYMENT_TARGET = 10.11;
				MTL_HEADER_SEARCH_PATHS = "/Users/landonviator/Documents/GitHub/JUCE/modules/juce_audio_processors/format_types/VST3_SDK $(SRCROOT)/../../JuceLibraryCode /Users/landonviator/Documents/GitHub/JUCE/modules /Users/landonviator/Documents/GitHub/JUCE/modules/juce_audio_plugin_client";
				OTHER_LDFLAGS = "-bundle -lJust\\ a\\ Filter";
				PRODUCT_BUNDLE_IDENTIFIER = com.yourcompany.JustaFilter;
				PRODUCT_NAME = "Just a Filter";
				USE_HEADERMAP = NO;
				VALID_ARCHS = "i386 x86_64 arm64 arm64e";
				WRAPPER_EXTENSION = vst3;
			};
			name = Debug;
		};
		A1117D5831B67A6D47EA5038 /* Debug */ = {
			isa = XCBuildConfiguration;
			buildSettings = {
				CLANG_CXX_LANGUAGE_STANDARD = "c++14";
				CLANG_CXX_LIBRARY = "libc++";
				CLANG_LINK_OBJC_RUNTIME = NO;
				CODE_SIGN_IDENTITY = "";
				COMBINE_HIDPI_IMAGES = YES;
				CONFIGURATION_BUILD_DIR = "$(PROJECT_DIR)/build/$(CONFIGURATION)";
				COPY_PHASE_STRIP = NO;
				EXCLUDED_ARCHS = "";
				GCC_DYNAMIC_NO_PIC = NO;
				GCC_OPTIMIZATION_LEVEL = 0;
				GCC_PREPROCESSOR_DEFINITIONS = (
					"_DEBUG=1",
					"DEBUG=1",
					"JUCE_DISPLAY_SPLASH_SCREEN=0",
					"JUCE_USE_DARK_SPLASH_SCREEN=1",
					"JUCE_PROJUCER_VERSION=0x60105",
					"JUCE_MODULE_AVAILABLE_juce_audio_basics=1",
					"JUCE_MODULE_AVAILABLE_juce_audio_devices=1",
					"JUCE_MODULE_AVAILABLE_juce_audio_formats=1",
					"JUCE_MODULE_AVAILABLE_juce_audio_plugin_client=1",
					"JUCE_MODULE_AVAILABLE_juce_audio_processors=1",
					"JUCE_MODULE_AVAILABLE_juce_audio_utils=1",
					"JUCE_MODULE_AVAILABLE_juce_core=1",
					"JUCE_MODULE_AVAILABLE_juce_data_structures=1",
					"JUCE_MODULE_AVAILABLE_juce_dsp=1",
					"JUCE_MODULE_AVAILABLE_juce_events=1",
					"JUCE_MODULE_AVAILABLE_juce_graphics=1",
					"JUCE_MODULE_AVAILABLE_juce_gui_basics=1",
					"JUCE_MODULE_AVAILABLE_juce_gui_extra=1",
					"JUCE_GLOBAL_MODULE_SETTINGS_INCLUDED=1",
					"JUCE_VST3_CAN_REPLACE_VST2=0",
					"JUCE_STRICT_REFCOUNTEDPOINTER=1",
					"JucePlugin_Build_VST=0",
					"JucePlugin_Build_VST3=1",
					"JucePlugin_Build_AU=1",
					"JucePlugin_Build_AUv3=0",
					"JucePlugin_Build_RTAS=0",
					"JucePlugin_Build_AAX=0",
					"JucePlugin_Build_Standalone=1",
					"JucePlugin_Build_Unity=0",
					"JucePlugin_Enable_IAA=0",
					"JucePlugin_Name=\\\"Just\\ a\\ Filter\\\"",
					"JucePlugin_Desc=\\\"Just\\ a\\ Filter\\\"",
					"JucePlugin_Manufacturer=\\\"yourcompany\\\"",
					"JucePlugin_ManufacturerWebsite=\\\"\\\"",
					"JucePlugin_ManufacturerEmail=\\\"\\\"",
					"JucePlugin_ManufacturerCode=0x4d616e75",
					"JucePlugin_PluginCode=0x5373716d",
					"JucePlugin_IsSynth=0",
					"JucePlugin_WantsMidiInput=0",
					"JucePlugin_ProducesMidiOutput=0",
					"JucePlugin_IsMidiEffect=0",
					"JucePlugin_EditorRequiresKeyboardFocus=0",
					"JucePlugin_Version=1.0.0",
					"JucePlugin_VersionCode=0x10000",
					"JucePlugin_VersionString=\\\"1.0.0\\\"",
					"JucePlugin_VSTUniqueID=JucePlugin_PluginCode",
					"JucePlugin_VSTCategory=kPlugCategEffect",
					"JucePlugin_Vst3Category=\\\"Fx\\\"",
					"JucePlugin_AUMainType=\\'aufx\\'",
					"JucePlugin_AUSubType=JucePlugin_PluginCode",
					"JucePlugin_AUExportPrefix=JustaFilterAU",
					"JucePlugin_AUExportPrefixQuoted=\\\"JustaFilterAU\\\"",
					"JucePlugin_AUManufacturerCode=JucePlugin_ManufacturerCode",
					"JucePlugin_CFBundleIdentifier=com.yourcompany.JustaFilter",
					"JucePlugin_RTASCategory=0",
					"JucePlugin_RTASManufacturerCode=JucePlugin_ManufacturerCode",
					"JucePlugin_RTASProductId=JucePlugin_PluginCode",
					"JucePlugin_RTASDisableBypass=0",
					"JucePlugin_RTASDisableMultiMono=0",
					"JucePlugin_AAXIdentifier=com.yourcompany.JustaFilter",
					"JucePlugin_AAXManufacturerCode=JucePlugin_ManufacturerCode",
					"JucePlugin_AAXProductId=JucePlugin_PluginCode",
					"JucePlugin_AAXCategory=0",
					"JucePlugin_AAXDisableBypass=0",
					"JucePlugin_AAXDisableMultiMono=0",
					"JucePlugin_IAAType=0x61757278",
					"JucePlugin_IAASubType=JucePlugin_PluginCode",
					"JucePlugin_IAAName=\\\"yourcompany:\\ Just\\ a\\ Filter\\\"",
					"JucePlugin_VSTNumMidiInputs=16",
					"JucePlugin_VSTNumMidiOutputs=16",
					"JUCE_STANDALONE_APPLICATION=JucePlugin_Build_Standalone",
					"JUCER_XCODE_MAC_F6D2F4CF=1",
					"JUCE_APP_VERSION=1.0.0",
					"JUCE_APP_VERSION_HEX=0x10000",
					"JUCE_SHARED_CODE=1",
				);
				GCC_VERSION = com.apple.compilers.llvm.clang.1_0;
				HEADER_SEARCH_PATHS = (
					"/Users/landonviator/Documents/GitHub/JUCE/modules/juce_audio_processors/format_types/VST3_SDK",
					"$(SRCROOT)/../../JuceLibraryCode",
					"/Users/landonviator/Documents/GitHub/JUCE/modules",
					"/Users/landonviator/Documents/GitHub/JUCE/modules/juce_audio_plugin_client",
					"$(inherited)",
				);
				INSTALL_PATH = "@executable_path/../Frameworks";
				MACOSX_DEPLOYMENT_TARGET = 10.11;
				MTL_HEADER_SEARCH_PATHS = "/Users/landonviator/Documents/GitHub/JUCE/modules/juce_audio_processors/format_types/VST3_SDK $(SRCROOT)/../../JuceLibraryCode /Users/landonviator/Documents/GitHub/JUCE/modules /Users/landonviator/Documents/GitHub/JUCE/modules/juce_audio_plugin_client";
				PRODUCT_BUNDLE_IDENTIFIER = com.yourcompany.JustaFilter;
				PRODUCT_NAME = "Just a Filter";
				SKIP_INSTALL = YES;
				USE_HEADERMAP = NO;
				VALID_ARCHS = "i386 x86_64 arm64 arm64e";
			};
			name = Debug;
		};
		A5D637AB39FE407540E0099B /* Debug */ = {
			isa = XCBuildConfiguration;
			buildSettings = {
				CLANG_CXX_LANGUAGE_STANDARD = "c++14";
				CLANG_CXX_LIBRARY = "libc++";
				CLANG_LINK_OBJC_RUNTIME = NO;
				CODE_SIGN_IDENTITY = "";
				COMBINE_HIDPI_IMAGES = YES;
				CONFIGURATION_BUILD_DIR = "$(PROJECT_DIR)/build/$(CONFIGURATION)";
				COPY_PHASE_STRIP = NO;
				DEPLOYMENT_LOCATION = YES;
				DSTROOT = /;
				EXCLUDED_ARCHS = "";
				GCC_DYNAMIC_NO_PIC = NO;
				GCC_OPTIMIZATION_LEVEL = 0;
				GCC_PREPROCESSOR_DEFINITIONS = (
					"_DEBUG=1",
					"DEBUG=1",
					"JUCE_DISPLAY_SPLASH_SCREEN=0",
					"JUCE_USE_DARK_SPLASH_SCREEN=1",
					"JUCE_PROJUCER_VERSION=0x60105",
					"JUCE_MODULE_AVAILABLE_juce_audio_basics=1",
					"JUCE_MODULE_AVAILABLE_juce_audio_devices=1",
					"JUCE_MODULE_AVAILABLE_juce_audio_formats=1",
					"JUCE_MODULE_AVAILABLE_juce_audio_plugin_client=1",
					"JUCE_MODULE_AVAILABLE_juce_audio_processors=1",
					"JUCE_MODULE_AVAILABLE_juce_audio_utils=1",
					"JUCE_MODULE_AVAILABLE_juce_core=1",
					"JUCE_MODULE_AVAILABLE_juce_data_structures=1",
					"JUCE_MODULE_AVAILABLE_juce_dsp=1",
					"JUCE_MODULE_AVAILABLE_juce_events=1",
					"JUCE_MODULE_AVAILABLE_juce_graphics=1",
					"JUCE_MODULE_AVAILABLE_juce_gui_basics=1",
					"JUCE_MODULE_AVAILABLE_juce_gui_extra=1",
					"JUCE_GLOBAL_MODULE_SETTINGS_INCLUDED=1",
					"JUCE_VST3_CAN_REPLACE_VST2=0",
					"JUCE_STRICT_REFCOUNTEDPOINTER=1",
					"JucePlugin_Build_VST=0",
					"JucePlugin_Build_VST3=0",
					"JucePlugin_Build_AU=1",
					"JucePlugin_Build_AUv3=0",
					"JucePlugin_Build_RTAS=0",
					"JucePlugin_Build_AAX=0",
					"JucePlugin_Build_Standalone=0",
					"JucePlugin_Build_Unity=0",
					"JucePlugin_Enable_IAA=0",
					"JucePlugin_Name=\\\"Just\\ a\\ Filter\\\"",
					"JucePlugin_Desc=\\\"Just\\ a\\ Filter\\\"",
					"JucePlugin_Manufacturer=\\\"yourcompany\\\"",
					"JucePlugin_ManufacturerWebsite=\\\"\\\"",
					"JucePlugin_ManufacturerEmail=\\\"\\\"",
					"JucePlugin_ManufacturerCode=0x4d616e75",
					"JucePlugin_PluginCode=0x5373716d",
					"JucePlugin_IsSynth=0",
					"JucePlugin_WantsMidiInput=0",
					"JucePlugin_ProducesMidiOutput=0",
					"JucePlugin_IsMidiEffect=0",
					"JucePlugin_EditorRequiresKeyboardFocus=0",
					"JucePlugin_Version=1.0.0",
					"JucePlugin_VersionCode=0x10000",
					"JucePlugin_VersionString=\\\"1.0.0\\\"",
					"JucePlugin_VSTUniqueID=JucePlugin_PluginCode",
					"JucePlugin_VSTCategory=kPlugCategEffect",
					"JucePlugin_Vst3Category=\\\"Fx\\\"",
					"JucePlugin_AUMainType=\\'aufx\\'",
					"JucePlugin_AUSubType=JucePlugin_PluginCode",
					"JucePlugin_AUExportPrefix=JustaFilterAU",
					"JucePlugin_AUExportPrefixQuoted=\\\"JustaFilterAU\\\"",
					"JucePlugin_AUManufacturerCode=JucePlugin_ManufacturerCode",
					"JucePlugin_CFBundleIdentifier=com.yourcompany.JustaFilter",
					"JucePlugin_RTASCategory=0",
					"JucePlugin_RTASManufacturerCode=JucePlugin_ManufacturerCode",
					"JucePlugin_RTASProductId=JucePlugin_PluginCode",
					"JucePlugin_RTASDisableBypass=0",
					"JucePlugin_RTASDisableMultiMono=0",
					"JucePlugin_AAXIdentifier=com.yourcompany.JustaFilter",
					"JucePlugin_AAXManufacturerCode=JucePlugin_ManufacturerCode",
					"JucePlugin_AAXProductId=JucePlugin_PluginCode",
					"JucePlugin_AAXCategory=0",
					"JucePlugin_AAXDisableBypass=0",
					"JucePlugin_AAXDisableMultiMono=0",
					"JucePlugin_IAAType=0x61757278",
					"JucePlugin_IAASubType=JucePlugin_PluginCode",
					"JucePlugin_IAAName=\\\"yourcompany:\\ Just\\ a\\ Filter\\\"",
					"JucePlugin_VSTNumMidiInputs=16",
					"JucePlugin_VSTNumMidiOutputs=16",
					"JUCE_STANDALONE_APPLICATION=JucePlugin_Build_Standalone",
					"JUCER_XCODE_MAC_F6D2F4CF=1",
					"JUCE_APP_VERSION=1.0.0",
					"JUCE_APP_VERSION_HEX=0x10000",
				);
				GCC_VERSION = com.apple.compilers.llvm.clang.1_0;
				GENERATE_PKGINFO_FILE = YES;
				HEADER_SEARCH_PATHS = (
					"/Users/landonviator/Documents/GitHub/JUCE/modules/juce_audio_processors/format_types/VST3_SDK",
					"$(SRCROOT)/../../JuceLibraryCode",
					"/Users/landonviator/Documents/GitHub/JUCE/modules",
					"/Users/landonviator/Documents/GitHub/JUCE/modules/juce_audio_plugin_client",
					"$(inherited)",
				);
				INFOPLIST_FILE = Info-AU.plist;
				INFOPLIST_PREPROCESS = NO;
				INSTALL_PATH = "$(HOME)/Library/Audio/Plug-Ins/Components/";
				LIBRARY_STYLE = Bundle;
				MACOSX_DEPLOYMENT_TARGET = 10.11;
				MTL_HEADER_SEARCH_PATHS = "/Users/landonviator/Documents/GitHub/JUCE/modules/juce_audio_processors/format_types/VST3_SDK $(SRCROOT)/../../JuceLibraryCode /Users/landonviator/Documents/GitHub/JUCE/modules /Users/landonviator/Documents/GitHub/JUCE/modules/juce_audio_plugin_client";
				OTHER_LDFLAGS = "-bundle -lJust\\ a\\ Filter";
				OTHER_REZFLAGS = "-d ppc_$ppc -d i386_$i386 -d ppc64_$ppc64 -d x86_64_$x86_64 -d arm64_$arm64 -I /System/Library/Frameworks/CoreServices.framework/Frameworks/CarbonCore.framework/Versions/A/Headers -I \"$(DEVELOPER_DIR)/Extras/CoreAudio/AudioUnits/AUPublic/AUBase\" -I \"$(DEVELOPER_DIR)/Platforms/MacOSX.platform/Developer/SDKs/MacOSX.sdk/System/Library/Frameworks/AudioUnit.framework/Headers\"";
				PRODUCT_BUNDLE_IDENTIFIER = com.yourcompany.JustaFilter;
				PRODUCT_NAME = "Just a Filter";
				USE_HEADERMAP = NO;
				VALID_ARCHS = "i386 x86_64 arm64 arm64e";
				WRAPPER_EXTENSION = component;
			};
			name = Debug;
		};
		DF83614051FA9E55684BA0C0 /* Release */ = {
			isa = XCBuildConfiguration;
			buildSettings = {
				CLANG_CXX_LANGUAGE_STANDARD = "c++14";
				CLANG_CXX_LIBRARY = "libc++";
				CLANG_LINK_OBJC_RUNTIME = NO;
				CODE_SIGN_IDENTITY = "";
				COMBINE_HIDPI_IMAGES = YES;
				CONFIGURATION_BUILD_DIR = "$(PROJECT_DIR)/build/$(CONFIGURATION)";
				DEAD_CODE_STRIPPING = YES;
				DEPLOYMENT_LOCATION = YES;
				DSTROOT = /;
				EXCLUDED_ARCHS = "";
				GCC_GENERATE_DEBUGGING_SYMBOLS = NO;
				GCC_OPTIMIZATION_LEVEL = 3;
				GCC_PREPROCESSOR_DEFINITIONS = (
					"_NDEBUG=1",
					"NDEBUG=1",
					"JUCE_DISPLAY_SPLASH_SCREEN=0",
					"JUCE_USE_DARK_SPLASH_SCREEN=1",
					"JUCE_PROJUCER_VERSION=0x60105",
					"JUCE_MODULE_AVAILABLE_juce_audio_basics=1",
					"JUCE_MODULE_AVAILABLE_juce_audio_devices=1",
					"JUCE_MODULE_AVAILABLE_juce_audio_formats=1",
					"JUCE_MODULE_AVAILABLE_juce_audio_plugin_client=1",
					"JUCE_MODULE_AVAILABLE_juce_audio_processors=1",
					"JUCE_MODULE_AVAILABLE_juce_audio_utils=1",
					"JUCE_MODULE_AVAILABLE_juce_core=1",
					"JUCE_MODULE_AVAILABLE_juce_data_structures=1",
					"JUCE_MODULE_AVAILABLE_juce_dsp=1",
					"JUCE_MODULE_AVAILABLE_juce_events=1",
					"JUCE_MODULE_AVAILABLE_juce_graphics=1",
					"JUCE_MODULE_AVAILABLE_juce_gui_basics=1",
					"JUCE_MODULE_AVAILABLE_juce_gui_extra=1",
					"JUCE_GLOBAL_MODULE_SETTINGS_INCLUDED=1",
					"JUCE_VST3_CAN_REPLACE_VST2=0",
					"JUCE_STRICT_REFCOUNTEDPOINTER=1",
					"JucePlugin_Build_VST=0",
					"JucePlugin_Build_VST3=0",
					"JucePlugin_Build_AU=1",
					"JucePlugin_Build_AUv3=0",
					"JucePlugin_Build_RTAS=0",
					"JucePlugin_Build_AAX=0",
					"JucePlugin_Build_Standalone=0",
					"JucePlugin_Build_Unity=0",
					"JucePlugin_Enable_IAA=0",
					"JucePlugin_Name=\\\"Just\\ a\\ Filter\\\"",
					"JucePlugin_Desc=\\\"Just\\ a\\ Filter\\\"",
					"JucePlugin_Manufacturer=\\\"yourcompany\\\"",
					"JucePlugin_ManufacturerWebsite=\\\"\\\"",
					"JucePlugin_ManufacturerEmail=\\\"\\\"",
					"JucePlugin_ManufacturerCode=0x4d616e75",
					"JucePlugin_PluginCode=0x5373716d",
					"JucePlugin_IsSynth=0",
					"JucePlugin_WantsMidiInput=0",
					"JucePlugin_ProducesMidiOutput=0",
					"JucePlugin_IsMidiEffect=0",
					"JucePlugin_EditorRequiresKeyboardFocus=0",
					"JucePlugin_Version=1.0.0",
					"JucePlugin_VersionCode=0x10000",
					"JucePlugin_VersionString=\\\"1.0.0\\\"",
					"JucePlugin_VSTUniqueID=JucePlugin_PluginCode",
					"JucePlugin_VSTCategory=kPlugCategEffect",
					"JucePlugin_Vst3Category=\\\"Fx\\\"",
					"JucePlugin_AUMainType=\\'aufx\\'",
					"JucePlugin_AUSubType=JucePlugin_PluginCode",
					"JucePlugin_AUExportPrefix=JustaFilterAU",
					"JucePlugin_AUExportPrefixQuoted=\\\"JustaFilterAU\\\"",
					"JucePlugin_AUManufacturerCode=JucePlugin_ManufacturerCode",
					"JucePlugin_CFBundleIdentifier=com.yourcompany.JustaFilter",
					"JucePlugin_RTASCategory=0",
					"JucePlugin_RTASManufacturerCode=JucePlugin_ManufacturerCode",
					"JucePlugin_RTASProductId=JucePlugin_PluginCode",
					"JucePlugin_RTASDisableBypass=0",
					"JucePlugin_RTASDisableMultiMono=0",
					"JucePlugin_AAXIdentifier=com.yourcompany.JustaFilter",
					"JucePlugin_AAXManufacturerCode=JucePlugin_ManufacturerCode",
					"JucePlugin_AAXProductId=JucePlugin_PluginCode",
					"JucePlugin_AAXCategory=0",
					"JucePlugin_AAXDisableBypass=0",
					"JucePlugin_AAXDisableMultiMono=0",
					"JucePlugin_IAAType=0x61757278",
					"JucePlugin_IAASubType=JucePlugin_PluginCode",
					"JucePlugin_IAAName=\\\"yourcompany:\\ Just\\ a\\ Filter\\\"",
					"JucePlugin_VSTNumMidiInputs=16",
					"JucePlugin_VSTNumMidiOutputs=16",
					"JUCE_STANDALONE_APPLICATION=JucePlugin_Build_Standalone",
					"JUCER_XCODE_MAC_F6D2F4CF=1",
					"JUCE_APP_VERSION=1.0.0",
					"JUCE_APP_VERSION_HEX=0x10000",
				);
				GCC_VERSION = com.apple.compilers.llvm.clang.1_0;
				GENERATE_PKGINFO_FILE = YES;
				HEADER_SEARCH_PATHS = (
					"/Users/landonviator/Documents/GitHub/JUCE/modules/juce_audio_processors/format_types/VST3_SDK",
					"$(SRCROOT)/../../JuceLibraryCode",
					"/Users/landonviator/Documents/GitHub/JUCE/modules",
					"/Users/landonviator/Documents/GitHub/JUCE/modules/juce_audio_plugin_client",
					"$(inherited)",
				);
				INFOPLIST_FILE = Info-AU.plist;
				INFOPLIST_PREPROCESS = NO;
				INSTALL_PATH = "$(HOME)/Library/Audio/Plug-Ins/Components/";
				LIBRARY_STYLE = Bundle;
				LLVM_LTO = YES;
				MACOSX_DEPLOYMENT_TARGET = 10.11;
				MTL_HEADER_SEARCH_PATHS = "/Users/landonviator/Documents/GitHub/JUCE/modules/juce_audio_processors/format_types/VST3_SDK $(SRCROOT)/../../JuceLibraryCode /Users/landonviator/Documents/GitHub/JUCE/modules /Users/landonviator/Documents/GitHub/JUCE/modules/juce_audio_plugin_client";
				OTHER_LDFLAGS = "-bundle -lJust\\ a\\ Filter";
				OTHER_REZFLAGS = "-d ppc_$ppc -d i386_$i386 -d ppc64_$ppc64 -d x86_64_$x86_64 -d arm64_$arm64 -I /System/Library/Frameworks/CoreServices.framework/Frameworks/CarbonCore.framework/Versions/A/Headers -I \"$(DEVELOPER_DIR)/Extras/CoreAudio/AudioUnits/AUPublic/AUBase\" -I \"$(DEVELOPER_DIR)/Platforms/MacOSX.platform/Developer/SDKs/MacOSX.sdk/System/Library/Frameworks/AudioUnit.framework/Headers\"";
				PRODUCT_BUNDLE_IDENTIFIER = com.yourcompany.JustaFilter;
				PRODUCT_NAME = "Just a Filter";
				USE_HEADERMAP = NO;
				VALID_ARCHS = "i386 x86_64 arm64 arm64e";
				WRAPPER_EXTENSION = component;
			};
			name = Release;
		};
/* End XCBuildConfiguration section */

/* Begin XCConfigurationList section */
		0E3558049DEA33E11146077A = {
			isa = XCConfigurationList;
			buildConfigurations = (
				5C6E6A8246663BCFCA03DA25,
				35C93073A50AC693E66A88BD,
			);
			defaultConfigurationIsVisible = 0;
			defaultConfigurationName = Debug;
		};
		1417FBDF03E49D05E3385EE3 = {
			isa = XCConfigurationList;
			buildConfigurations = (
				A5D637AB39FE407540E0099B,
				DF83614051FA9E55684BA0C0,
			);
			defaultConfigurationIsVisible = 0;
			defaultConfigurationName = Debug;
		};
		2323C0238A7272A0F4584F92 = {
			isa = XCConfigurationList;
			buildConfigurations = (
				8153CA592116EB00F322A1C6,
				1F0E32D18560E6E6BF5DA8C3,
			);
			defaultConfigurationIsVisible = 0;
			defaultConfigurationName = Debug;
		};
		56E7FADC2F2E6D0D29C4F7A2 = {
			isa = XCConfigurationList;
			buildConfigurations = (
				3BAF9068CAF2922D4257587A,
				579B400A4B43AC7EC49664DD,
			);
			defaultConfigurationIsVisible = 0;
			defaultConfigurationName = Debug;
		};
		65188ABF90AD0E5F435D42B2 = {
			isa = XCConfigurationList;
			buildConfigurations = (
				11AE13FB2C5AB477DE6B457A,
				4BECBA3F9FF0C0516AA69D36,
			);
			defaultConfigurationIsVisible = 0;
			defaultConfigurationName = Debug;
		};
		DC997742CC2AF73E65495C2C = {
			isa = XCConfigurationList;
			buildConfigurations = (
				A1117D5831B67A6D47EA5038,
				727745BACCE4024CFC86EE75,
			);
			defaultConfigurationIsVisible = 0;
			defaultConfigurationName = Debug;
		};
/* End XCConfigurationList section */
	};
	rootObject = 00F7BA4DBEB43831AD3BF0B3 /* Project object */;
}
